{
  "version": 4,
  "terraform_version": "1.4.6",
  "serial": 354,
  "lineage": "5e60cb84-6665-5870-ad8b-cc66ac0e66ee",
  "outputs": {},
  "resources": [
    {
      "mode": "managed",
      "type": "aws_default_network_acl",
      "name": "bastion-nacl",
      "provider": "provider[\"registry.terraform.io/hashicorp/aws\"]",
      "instances": [
        {
          "schema_version": 0,
          "attributes": {
            "arn": "arn:aws:ec2:ap-northeast-1:944697335072:network-acl/acl-03bcf062126979ebd",
            "default_network_acl_id": "acl-03bcf062126979ebd",
            "egress": [
              {
                "action": "allow",
                "cidr_block": "10.10.0.0/24",
                "from_port": 3306,
                "icmp_code": null,
                "icmp_type": null,
                "ipv6_cidr_block": "",
                "protocol": "tcp",
                "rule_no": 130,
                "to_port": 3306
              },
              {
                "action": "allow",
                "cidr_block": "10.20.0.0/24",
                "from_port": 22,
                "icmp_code": null,
                "icmp_type": null,
                "ipv6_cidr_block": "",
                "protocol": "tcp",
                "rule_no": 120,
                "to_port": 22
              },
              {
                "action": "allow",
                "cidr_block": "172.16.0.0/22",
                "from_port": 443,
                "icmp_code": null,
                "icmp_type": null,
                "ipv6_cidr_block": "",
                "protocol": "tcp",
                "rule_no": 110,
                "to_port": 443
              }
            ],
            "id": "acl-03bcf062126979ebd",
            "ingress": [
              {
                "action": "allow",
                "cidr_block": "10.10.0.0/24",
                "from_port": 3306,
                "icmp_code": null,
                "icmp_type": null,
                "ipv6_cidr_block": "",
                "protocol": "tcp",
                "rule_no": 130,
                "to_port": 3306
              },
              {
                "action": "allow",
                "cidr_block": "10.20.0.0/24",
                "from_port": 22,
                "icmp_code": null,
                "icmp_type": null,
                "ipv6_cidr_block": "",
                "protocol": "tcp",
                "rule_no": 120,
                "to_port": 22
              },
              {
                "action": "allow",
                "cidr_block": "172.16.0.0/22",
                "from_port": 443,
                "icmp_code": null,
                "icmp_type": null,
                "ipv6_cidr_block": "",
                "protocol": "tcp",
                "rule_no": 110,
                "to_port": 443
              }
            ],
            "owner_id": "944697335072",
            "subnet_ids": [
              "subnet-0bfd42caf82f4ebd9"
            ],
            "tags": {
              "Name": "bastion-nacl"
            },
            "tags_all": {
              "Name": "bastion-nacl"
            },
            "vpc_id": "vpc-0b3b991e7a41ab6fe"
          },
          "sensitive_attributes": [],
          "private": "bnVsbA==",
          "dependencies": [
            "aws_vpc.bastion-vpc"
          ]
        }
      ]
    },
    {
      "mode": "managed",
      "type": "aws_default_network_acl",
      "name": "shopping-db1-nacl",
      "provider": "provider[\"registry.terraform.io/hashicorp/aws\"]",
      "instances": [
        {
          "schema_version": 0,
          "attributes": {
            "arn": "arn:aws:ec2:ap-northeast-1:944697335072:network-acl/acl-0c2b1a966b1c8c84f",
            "default_network_acl_id": "acl-0c2b1a966b1c8c84f",
            "egress": [
              {
                "action": "allow",
                "cidr_block": "10.0.0.0/16",
                "from_port": 3306,
                "icmp_code": null,
                "icmp_type": null,
                "ipv6_cidr_block": "",
                "protocol": "tcp",
                "rule_no": 110,
                "to_port": 3306
              },
              {
                "action": "allow",
                "cidr_block": "10.10.10.0/24",
                "from_port": 3306,
                "icmp_code": null,
                "icmp_type": null,
                "ipv6_cidr_block": "",
                "protocol": "tcp",
                "rule_no": 111,
                "to_port": 3306
              },
              {
                "action": "allow",
                "cidr_block": "10.20.0.0/24",
                "from_port": 3306,
                "icmp_code": null,
                "icmp_type": null,
                "ipv6_cidr_block": "",
                "protocol": "tcp",
                "rule_no": 112,
                "to_port": 3306
              }
            ],
            "id": "acl-0c2b1a966b1c8c84f",
            "ingress": [
              {
                "action": "allow",
                "cidr_block": "10.0.0.0/16",
                "from_port": 3306,
                "icmp_code": null,
                "icmp_type": null,
                "ipv6_cidr_block": "",
                "protocol": "tcp",
                "rule_no": 110,
                "to_port": 3306
              },
              {
                "action": "allow",
                "cidr_block": "10.10.10.0/24",
                "from_port": 3306,
                "icmp_code": null,
                "icmp_type": null,
                "ipv6_cidr_block": "",
                "protocol": "tcp",
                "rule_no": 111,
                "to_port": 3306
              },
              {
                "action": "allow",
                "cidr_block": "10.20.0.0/24",
                "from_port": 3306,
                "icmp_code": null,
                "icmp_type": null,
                "ipv6_cidr_block": "",
                "protocol": "tcp",
                "rule_no": 112,
                "to_port": 3306
              }
            ],
            "owner_id": "944697335072",
            "subnet_ids": [
              "subnet-09463ef810143a9cb",
              "subnet-0a66b2887066208fa"
            ],
            "tags": {
              "Name": "shopping-db1-nacl"
            },
            "tags_all": {
              "Name": "shopping-db1-nacl"
            },
            "vpc_id": "vpc-0723b40db573c679c"
          },
          "sensitive_attributes": [],
          "private": "bnVsbA==",
          "dependencies": [
            "aws_vpc.shopping-db-vpc"
          ]
        }
      ]
    },
    {
      "mode": "managed",
      "type": "aws_default_network_acl",
      "name": "shopping-internalnode-nacl",
      "provider": "provider[\"registry.terraform.io/hashicorp/aws\"]",
      "instances": [
        {
          "schema_version": 0,
          "attributes": {
            "arn": "arn:aws:ec2:ap-northeast-1:944697335072:network-acl/acl-01ef553ac4a5f65ea",
            "default_network_acl_id": "acl-01ef553ac4a5f65ea",
            "egress": [
              {
                "action": "allow",
                "cidr_block": "0.0.0.0/0",
                "from_port": 1024,
                "icmp_code": null,
                "icmp_type": null,
                "ipv6_cidr_block": "",
                "protocol": "tcp",
                "rule_no": 113,
                "to_port": 65535
              },
              {
                "action": "allow",
                "cidr_block": "0.0.0.0/0",
                "from_port": 443,
                "icmp_code": null,
                "icmp_type": null,
                "ipv6_cidr_block": "",
                "protocol": "tcp",
                "rule_no": 112,
                "to_port": 443
              },
              {
                "action": "allow",
                "cidr_block": "0.0.0.0/0",
                "from_port": 80,
                "icmp_code": null,
                "icmp_type": null,
                "ipv6_cidr_block": "",
                "protocol": "tcp",
                "rule_no": 111,
                "to_port": 80
              },
              {
                "action": "allow",
                "cidr_block": "10.0.0.0/16",
                "from_port": 0,
                "icmp_code": null,
                "icmp_type": null,
                "ipv6_cidr_block": "",
                "protocol": "-1",
                "rule_no": 110,
                "to_port": 0
              }
            ],
            "id": "acl-01ef553ac4a5f65ea",
            "ingress": [
              {
                "action": "allow",
                "cidr_block": "0.0.0.0/0",
                "from_port": 443,
                "icmp_code": null,
                "icmp_type": null,
                "ipv6_cidr_block": "",
                "protocol": "tcp",
                "rule_no": 120,
                "to_port": 443
              },
              {
                "action": "allow",
                "cidr_block": "10.0.0.0/16",
                "from_port": 0,
                "icmp_code": null,
                "icmp_type": null,
                "ipv6_cidr_block": "",
                "protocol": "-1",
                "rule_no": 110,
                "to_port": 0
              }
            ],
            "owner_id": "944697335072",
            "subnet_ids": [
              "subnet-01b9270dd7e29259c",
              "subnet-02db01d6dbb6be821",
              "subnet-038ec31b0bbf7d1e0",
              "subnet-065495cbe71f6a6b4",
              "subnet-07423ea466126f9c8",
              "subnet-099dd74c350429074",
              "subnet-09aeec655bf1e1398",
              "subnet-0f8de4cfb2b9a1c27"
            ],
            "tags": {
              "Name": "shopping-internalnode-nacl"
            },
            "tags_all": {
              "Name": "shopping-internalnode-nacl"
            },
            "vpc_id": "vpc-001a63942740db769"
          },
          "sensitive_attributes": [],
          "private": "bnVsbA==",
          "dependencies": [
            "aws_vpc.shopping-vpc"
          ]
        }
      ]
    },
    {
      "mode": "managed",
      "type": "aws_default_route_table",
      "name": "r1",
      "provider": "provider[\"registry.terraform.io/hashicorp/aws\"]",
      "instances": [
        {
          "schema_version": 0,
          "attributes": {
            "arn": "arn:aws:ec2:ap-northeast-1:944697335072:route-table/rtb-09c914a488d3d6e3e",
            "default_route_table_id": "rtb-09c914a488d3d6e3e",
            "id": "rtb-09c914a488d3d6e3e",
            "owner_id": "944697335072",
            "propagating_vgws": null,
            "route": [
              {
                "cidr_block": "0.0.0.0/0",
                "core_network_arn": "",
                "destination_prefix_list_id": "",
                "egress_only_gateway_id": "",
                "gateway_id": "igw-08f109c6eab61d6a9",
                "instance_id": "",
                "ipv6_cidr_block": "",
                "nat_gateway_id": "",
                "network_interface_id": "",
                "transit_gateway_id": "",
                "vpc_endpoint_id": "",
                "vpc_peering_connection_id": ""
              }
            ],
            "tags": {
              "Name": "shopping-rt"
            },
            "tags_all": {
              "Name": "shopping-rt"
            },
            "timeouts": null,
            "vpc_id": "vpc-001a63942740db769"
          },
          "sensitive_attributes": [],
          "private": "eyJlMmJmYjczMC1lY2FhLTExZTYtOGY4OC0zNDM2M2JjN2M0YzAiOnsiY3JlYXRlIjoxMjAwMDAwMDAwMDAsInVwZGF0ZSI6MTIwMDAwMDAwMDAwfX0=",
          "dependencies": [
            "aws_internet_gateway.shopping-igw",
            "aws_vpc.shopping-vpc"
          ]
        }
      ]
    },
    {
      "mode": "managed",
      "type": "aws_default_route_table",
      "name": "r2",
      "provider": "provider[\"registry.terraform.io/hashicorp/aws\"]",
      "instances": [
        {
          "schema_version": 0,
          "attributes": {
            "arn": "arn:aws:ec2:ap-northeast-1:944697335072:route-table/rtb-0eac8066d81e72dd3",
            "default_route_table_id": "rtb-0eac8066d81e72dd3",
            "id": "rtb-0eac8066d81e72dd3",
            "owner_id": "944697335072",
            "propagating_vgws": null,
            "route": [],
            "tags": {
              "Name": "shopping-db-rt"
            },
            "tags_all": {
              "Name": "shopping-db-rt"
            },
            "timeouts": null,
            "vpc_id": "vpc-0723b40db573c679c"
          },
          "sensitive_attributes": [],
          "private": "eyJlMmJmYjczMC1lY2FhLTExZTYtOGY4OC0zNDM2M2JjN2M0YzAiOnsiY3JlYXRlIjoxMjAwMDAwMDAwMDAsInVwZGF0ZSI6MTIwMDAwMDAwMDAwfX0=",
          "dependencies": [
            "aws_vpc.shopping-db-vpc"
          ]
        }
      ]
    },
    {
      "mode": "managed",
      "type": "aws_default_route_table",
      "name": "r3",
      "provider": "provider[\"registry.terraform.io/hashicorp/aws\"]",
      "instances": [
        {
          "schema_version": 0,
          "attributes": {
            "arn": "arn:aws:ec2:ap-northeast-1:944697335072:route-table/rtb-0ca292a9ddf8e8b04",
            "default_route_table_id": "rtb-0ca292a9ddf8e8b04",
            "id": "rtb-0ca292a9ddf8e8b04",
            "owner_id": "944697335072",
            "propagating_vgws": null,
            "route": [],
            "tags": {
              "Name": "bastion-rt"
            },
            "tags_all": {
              "Name": "bastion-rt"
            },
            "timeouts": null,
            "vpc_id": "vpc-0b3b991e7a41ab6fe"
          },
          "sensitive_attributes": [],
          "private": "eyJlMmJmYjczMC1lY2FhLTExZTYtOGY4OC0zNDM2M2JjN2M0YzAiOnsiY3JlYXRlIjoxMjAwMDAwMDAwMDAsInVwZGF0ZSI6MTIwMDAwMDAwMDAwfX0=",
          "dependencies": [
            "aws_vpc.bastion-vpc"
          ]
        }
      ]
    },
    {
      "mode": "managed",
      "type": "aws_default_security_group",
      "name": "bastion-default-sg",
      "provider": "provider[\"registry.terraform.io/hashicorp/aws\"]",
      "instances": [
        {
          "schema_version": 1,
          "attributes": {
            "arn": "arn:aws:ec2:ap-northeast-1:944697335072:security-group/sg-05db3ef169d4b58e4",
            "description": "default VPC security group",
            "egress": [
              {
                "cidr_blocks": [
                  "0.0.0.0/0"
                ],
                "description": "",
                "from_port": 0,
                "ipv6_cidr_blocks": [],
                "prefix_list_ids": [],
                "protocol": "tcp",
                "security_groups": [],
                "self": false,
                "to_port": 0
              }
            ],
            "id": "sg-05db3ef169d4b58e4",
            "ingress": [
              {
                "cidr_blocks": [
                  "0.0.0.0/0"
                ],
                "description": "",
                "from_port": 0,
                "ipv6_cidr_blocks": [],
                "prefix_list_ids": [],
                "protocol": "tcp",
                "security_groups": [],
                "self": false,
                "to_port": 0
              }
            ],
            "name": "default",
            "name_prefix": "",
            "owner_id": "944697335072",
            "revoke_rules_on_delete": false,
            "tags": {
              "Name": "bastion-default-sg"
            },
            "tags_all": {
              "Name": "bastion-default-sg"
            },
            "vpc_id": "vpc-0b3b991e7a41ab6fe"
          },
          "sensitive_attributes": [],
          "private": "eyJzY2hlbWFfdmVyc2lvbiI6IjEifQ==",
          "dependencies": [
            "aws_vpc.bastion-vpc"
          ]
        }
      ]
    },
    {
      "mode": "managed",
      "type": "aws_default_security_group",
      "name": "shopping-db-default-sg",
      "provider": "provider[\"registry.terraform.io/hashicorp/aws\"]",
      "instances": [
        {
          "schema_version": 1,
          "attributes": {
            "arn": "arn:aws:ec2:ap-northeast-1:944697335072:security-group/sg-0d31798d81d79e4d7",
            "description": "default VPC security group",
            "egress": [
              {
                "cidr_blocks": [
                  "0.0.0.0/0"
                ],
                "description": "",
                "from_port": 0,
                "ipv6_cidr_blocks": [],
                "prefix_list_ids": [],
                "protocol": "tcp",
                "security_groups": [],
                "self": false,
                "to_port": 0
              }
            ],
            "id": "sg-0d31798d81d79e4d7",
            "ingress": [
              {
                "cidr_blocks": [
                  "0.0.0.0/0"
                ],
                "description": "",
                "from_port": 0,
                "ipv6_cidr_blocks": [],
                "prefix_list_ids": [],
                "protocol": "tcp",
                "security_groups": [],
                "self": false,
                "to_port": 0
              }
            ],
            "name": "default",
            "name_prefix": "",
            "owner_id": "944697335072",
            "revoke_rules_on_delete": false,
            "tags": {
              "Name": "shopping-db-default-sg"
            },
            "tags_all": {
              "Name": "shopping-db-default-sg"
            },
            "vpc_id": "vpc-0723b40db573c679c"
          },
          "sensitive_attributes": [],
          "private": "eyJzY2hlbWFfdmVyc2lvbiI6IjEifQ==",
          "dependencies": [
            "aws_vpc.shopping-db-vpc"
          ]
        }
      ]
    },
    {
      "mode": "managed",
      "type": "aws_default_security_group",
      "name": "shopping-default-sg",
      "provider": "provider[\"registry.terraform.io/hashicorp/aws\"]",
      "instances": [
        {
          "schema_version": 1,
          "attributes": {
            "arn": "arn:aws:ec2:ap-northeast-1:944697335072:security-group/sg-078fb6fed01d8729c",
            "description": "default VPC security group",
            "egress": [
              {
                "cidr_blocks": [
                  "0.0.0.0/0"
                ],
                "description": "",
                "from_port": 0,
                "ipv6_cidr_blocks": [],
                "prefix_list_ids": [],
                "protocol": "tcp",
                "security_groups": [],
                "self": false,
                "to_port": 0
              }
            ],
            "id": "sg-078fb6fed01d8729c",
            "ingress": [
              {
                "cidr_blocks": [
                  "0.0.0.0/0"
                ],
                "description": "",
                "from_port": 0,
                "ipv6_cidr_blocks": [],
                "prefix_list_ids": [],
                "protocol": "tcp",
                "security_groups": [],
                "self": false,
                "to_port": 0
              }
            ],
            "name": "default",
            "name_prefix": "",
            "owner_id": "944697335072",
            "revoke_rules_on_delete": false,
            "tags": {
              "Name": "shopping-default-sg"
            },
            "tags_all": {
              "Name": "shopping-default-sg"
            },
            "vpc_id": "vpc-001a63942740db769"
          },
          "sensitive_attributes": [],
          "private": "eyJzY2hlbWFfdmVyc2lvbiI6IjEifQ==",
          "dependencies": [
            "aws_vpc.shopping-vpc"
          ]
        }
      ]
    },
    {
      "mode": "managed",
      "type": "aws_instance",
      "name": "ubuntu_instance",
      "provider": "provider[\"registry.terraform.io/hashicorp/aws\"]",
      "instances": [
        {
          "schema_version": 1,
          "attributes": {
            "ami": "ami-0d52744d6551d851e",
            "arn": "arn:aws:ec2:ap-northeast-1:944697335072:instance/i-0cb3260a6f14f0b96",
            "associate_public_ip_address": true,
            "availability_zone": "ap-northeast-1d",
            "capacity_reservation_specification": [
              {
                "capacity_reservation_preference": "open",
                "capacity_reservation_target": []
              }
            ],
            "cpu_core_count": 1,
            "cpu_options": [
              {
                "amd_sev_snp": "",
                "core_count": 1,
                "threads_per_core": 2
              }
            ],
            "cpu_threads_per_core": 2,
            "credit_specification": [
              {
                "cpu_credits": "unlimited"
              }
            ],
            "disable_api_stop": false,
            "disable_api_termination": false,
            "ebs_block_device": [],
            "ebs_optimized": false,
            "enclave_options": [
              {
                "enabled": false
              }
            ],
            "ephemeral_block_device": [],
            "get_password_data": false,
            "hibernation": false,
            "host_id": "",
            "host_resource_group_arn": null,
            "iam_instance_profile": "",
            "id": "i-0cb3260a6f14f0b96",
            "instance_initiated_shutdown_behavior": "stop",
            "instance_state": "running",
            "instance_type": "t3.micro",
            "ipv6_address_count": 0,
            "ipv6_addresses": [],
            "key_name": "ekskey",
            "launch_template": [],
            "maintenance_options": [
              {
                "auto_recovery": "default"
              }
            ],
            "metadata_options": [
              {
                "http_endpoint": "enabled",
                "http_put_response_hop_limit": 1,
                "http_tokens": "optional",
                "instance_metadata_tags": "disabled"
              }
            ],
            "monitoring": false,
            "network_interface": [],
            "outpost_arn": "",
            "password_data": "",
            "placement_group": "",
            "placement_partition_number": 0,
            "primary_network_interface_id": "eni-027c7feca652eb869",
            "private_dns": "ip-10-0-20-69.ap-northeast-1.compute.internal",
            "private_dns_name_options": [
              {
                "enable_resource_name_dns_a_record": false,
                "enable_resource_name_dns_aaaa_record": false,
                "hostname_type": "ip-name"
              }
            ],
            "private_ip": "10.0.20.69",
            "public_dns": "",
            "public_ip": "35.74.22.197",
            "root_block_device": [
              {
                "delete_on_termination": true,
                "device_name": "/dev/sda1",
                "encrypted": false,
                "iops": 100,
                "kms_key_id": "",
                "tags": {},
                "throughput": 0,
                "volume_id": "vol-07509e9c87a9dc5d4",
                "volume_size": 8,
                "volume_type": "gp2"
              }
            ],
            "secondary_private_ips": [],
            "security_groups": [],
            "source_dest_check": true,
            "subnet_id": "subnet-02db01d6dbb6be821",
            "tags": {
              "Name": "web-server"
            },
            "tags_all": {
              "Name": "web-server"
            },
            "tenancy": "default",
            "timeouts": null,
            "user_data": null,
            "user_data_base64": null,
            "user_data_replace_on_change": false,
            "volume_tags": null,
            "vpc_security_group_ids": [
              "sg-078fb6fed01d8729c"
            ]
          },
          "sensitive_attributes": [],
          "private": "eyJlMmJmYjczMC1lY2FhLTExZTYtOGY4OC0zNDM2M2JjN2M0YzAiOnsiY3JlYXRlIjo2MDAwMDAwMDAwMDAsImRlbGV0ZSI6MTIwMDAwMDAwMDAwMCwidXBkYXRlIjo2MDAwMDAwMDAwMDB9LCJzY2hlbWFfdmVyc2lvbiI6IjEifQ==",
          "dependencies": [
            "aws_key_pair.kp",
            "aws_subnet.master-subnet",
            "aws_vpc.shopping-vpc",
            "tls_private_key.pk"
          ]
        }
      ]
    },
    {
      "mode": "managed",
      "type": "aws_internet_gateway",
      "name": "shopping-igw",
      "provider": "provider[\"registry.terraform.io/hashicorp/aws\"]",
      "instances": [
        {
          "schema_version": 0,
          "attributes": {
            "arn": "arn:aws:ec2:ap-northeast-1:944697335072:internet-gateway/igw-08f109c6eab61d6a9",
            "id": "igw-08f109c6eab61d6a9",
            "owner_id": "944697335072",
            "tags": {
              "Name": "shopping-igw"
            },
            "tags_all": {
              "Name": "shopping-igw"
            },
            "timeouts": null,
            "vpc_id": "vpc-001a63942740db769"
          },
          "sensitive_attributes": [],
          "private": "eyJlMmJmYjczMC1lY2FhLTExZTYtOGY4OC0zNDM2M2JjN2M0YzAiOnsiY3JlYXRlIjoxMjAwMDAwMDAwMDAwLCJkZWxldGUiOjEyMDAwMDAwMDAwMDAsInVwZGF0ZSI6MTIwMDAwMDAwMDAwMH19",
          "dependencies": [
            "aws_vpc.shopping-vpc"
          ]
        }
      ]
    },
    {
      "mode": "managed",
      "type": "aws_key_pair",
      "name": "kp",
      "provider": "provider[\"registry.terraform.io/hashicorp/aws\"]",
      "instances": [
        {
          "schema_version": 1,
          "attributes": {
            "arn": "arn:aws:ec2:ap-northeast-1:944697335072:key-pair/ekskey",
            "fingerprint": "92:63:dc:03:2f:84:fc:84:89:de:d7:72:05:e8:27:65",
            "id": "ekskey",
            "key_name": "ekskey",
            "key_name_prefix": "",
            "key_pair_id": "key-0817810c522310b06",
            "key_type": "rsa",
            "public_key": "ssh-rsa AAAAB3NzaC1yc2EAAAADAQABAAACAQDZ5CeKl8V0gBbhxY6jevYQ2D6MqL96RiUMI2LUE0gqM4Nlg6xxzyMjDXYl4iSwnrU/Z2AFpXTbLC2QIVU+OCl7IVIgGefY8F07OIDGuZUqG9fSq/MFxj5YEnpjQtbBpWsSWIF31Xz2sO5QyLVohsCxbhXJHEK4hoG0y5cnlfwi7FTToGWbKSij20U4SnFcj5QREz+uwDQ0O8Ek9mPpNiITG/UJAk5oLhDK86AQdL13oTFcv4oXFekRCi77eLJTrveoTlj+Gt7o3fzR2Xq/iCEbfUfCeqjpyWXy63n/GolkBKZOdMe1J6cjh9/D3dcn2hQJZsQ33SHmSxsTISN2aSXkGc84fQniJz6Rc9nm1MH5UY9QaoucYnkB7HXo0n2Rng4qNu8kJBtSBC05iL7fTXU14HopCNZRNKJq8OH1k8Z5Ew9o4DnN0v3KZk8cCfmY2RyP0MYMlD6E1RibCHmvnrAwQJNZsf5KPT5CuSc9vFhIjgnIQZ4syG6TQCz5GbkZ2XtbLDMPvKQowv4eG946gMkHE8YdrgrsdrmTRQ0O0nriKtt0bP8xftm+ezQSP5p2b71j1Y/llkx4fGg5uHKb0FvjVjYG0K/GqvF0otQDrMP5WPZ0QcRt/VRCUvp4IxB9jClhcsYR0PORV+g7LeYBWZ/549E2UaihjzNFgZ50n1yuZQ==",
            "tags": null,
            "tags_all": {}
          },
          "sensitive_attributes": [],
          "private": "eyJzY2hlbWFfdmVyc2lvbiI6IjEifQ==",
          "dependencies": [
            "tls_private_key.pk"
          ]
        }
      ]
    },
    {
      "mode": "managed",
      "type": "aws_network_acl",
      "name": "shopping-db2-nacl",
      "provider": "provider[\"registry.terraform.io/hashicorp/aws\"]",
      "instances": [
        {
          "schema_version": 0,
          "attributes": {
            "arn": "arn:aws:ec2:ap-northeast-1:944697335072:network-acl/acl-032ca08800e5fc7c4",
            "egress": [
              {
                "action": "allow",
                "cidr_block": "10.10.0.0/24",
                "from_port": 3306,
                "icmp_code": null,
                "icmp_type": null,
                "ipv6_cidr_block": "",
                "protocol": "tcp",
                "rule_no": 110,
                "to_port": 3306
              }
            ],
            "id": "acl-032ca08800e5fc7c4",
            "ingress": [
              {
                "action": "allow",
                "cidr_block": "10.10.0.0/24",
                "from_port": 3306,
                "icmp_code": null,
                "icmp_type": null,
                "ipv6_cidr_block": "",
                "protocol": "tcp",
                "rule_no": 110,
                "to_port": 3306
              }
            ],
            "owner_id": "944697335072",
            "subnet_ids": [
              "subnet-09463ef810143a9cb"
            ],
            "tags": {
              "Name": "shopping-db2-nacl"
            },
            "tags_all": {
              "Name": "shopping-db2-nacl"
            },
            "vpc_id": "vpc-0723b40db573c679c"
          },
          "sensitive_attributes": [],
          "private": "bnVsbA==",
          "dependencies": [
            "aws_subnet.db2-subnet",
            "aws_vpc.shopping-db-vpc"
          ]
        }
      ]
    },
    {
      "mode": "managed",
      "type": "aws_network_acl",
      "name": "shopping-firewall-nacl",
      "provider": "provider[\"registry.terraform.io/hashicorp/aws\"]",
      "instances": [
        {
          "schema_version": 0,
          "attributes": {
            "arn": "arn:aws:ec2:ap-northeast-1:944697335072:network-acl/acl-0e2d09ddca1260318",
            "egress": [
              {
                "action": "allow",
                "cidr_block": "0.0.0.0/0",
                "from_port": 1024,
                "icmp_code": null,
                "icmp_type": null,
                "ipv6_cidr_block": "",
                "protocol": "tcp",
                "rule_no": 140,
                "to_port": 65535
              },
              {
                "action": "allow",
                "cidr_block": "0.0.0.0/0",
                "from_port": 443,
                "icmp_code": null,
                "icmp_type": null,
                "ipv6_cidr_block": "",
                "protocol": "tcp",
                "rule_no": 120,
                "to_port": 443
              },
              {
                "action": "allow",
                "cidr_block": "0.0.0.0/0",
                "from_port": 80,
                "icmp_code": null,
                "icmp_type": null,
                "ipv6_cidr_block": "",
                "protocol": "tcp",
                "rule_no": 110,
                "to_port": 80
              },
              {
                "action": "allow",
                "cidr_block": "219.240.87.167/32",
                "from_port": 22,
                "icmp_code": null,
                "icmp_type": null,
                "ipv6_cidr_block": "",
                "protocol": "tcp",
                "rule_no": 130,
                "to_port": 22
              }
            ],
            "id": "acl-0e2d09ddca1260318",
            "ingress": [
              {
                "action": "allow",
                "cidr_block": "0.0.0.0/0",
                "from_port": 1024,
                "icmp_code": null,
                "icmp_type": null,
                "ipv6_cidr_block": "",
                "protocol": "tcp",
                "rule_no": 140,
                "to_port": 65535
              },
              {
                "action": "allow",
                "cidr_block": "0.0.0.0/0",
                "from_port": 443,
                "icmp_code": null,
                "icmp_type": null,
                "ipv6_cidr_block": "",
                "protocol": "tcp",
                "rule_no": 120,
                "to_port": 443
              },
              {
                "action": "allow",
                "cidr_block": "0.0.0.0/0",
                "from_port": 80,
                "icmp_code": null,
                "icmp_type": null,
                "ipv6_cidr_block": "",
                "protocol": "tcp",
                "rule_no": 110,
                "to_port": 80
              },
              {
                "action": "allow",
                "cidr_block": "219.240.87.167/32",
                "from_port": 22,
                "icmp_code": null,
                "icmp_type": null,
                "ipv6_cidr_block": "",
                "protocol": "tcp",
                "rule_no": 130,
                "to_port": 22
              }
            ],
            "owner_id": "944697335072",
            "subnet_ids": [
              "subnet-065495cbe71f6a6b4"
            ],
            "tags": {
              "Name": "shopping-firewall-nacl"
            },
            "tags_all": {
              "Name": "shopping-firewall-nacl"
            },
            "vpc_id": "vpc-001a63942740db769"
          },
          "sensitive_attributes": [],
          "private": "bnVsbA==",
          "dependencies": [
            "aws_subnet.firewall-subnet",
            "aws_vpc.shopping-vpc"
          ]
        }
      ]
    },
    {
      "mode": "managed",
      "type": "aws_network_acl",
      "name": "shopping-masternode-nacl",
      "provider": "provider[\"registry.terraform.io/hashicorp/aws\"]",
      "instances": [
        {
          "schema_version": 0,
          "attributes": {
            "arn": "arn:aws:ec2:ap-northeast-1:944697335072:network-acl/acl-0644b94651a3aa414",
            "egress": [
              {
                "action": "allow",
                "cidr_block": "0.0.0.0/0",
                "from_port": 1024,
                "icmp_code": null,
                "icmp_type": null,
                "ipv6_cidr_block": "",
                "protocol": "tcp",
                "rule_no": 113,
                "to_port": 65535
              },
              {
                "action": "allow",
                "cidr_block": "0.0.0.0/0",
                "from_port": 443,
                "icmp_code": null,
                "icmp_type": null,
                "ipv6_cidr_block": "",
                "protocol": "tcp",
                "rule_no": 112,
                "to_port": 443
              },
              {
                "action": "allow",
                "cidr_block": "0.0.0.0/0",
                "from_port": 80,
                "icmp_code": null,
                "icmp_type": null,
                "ipv6_cidr_block": "",
                "protocol": "tcp",
                "rule_no": 111,
                "to_port": 80
              },
              {
                "action": "allow",
                "cidr_block": "10.0.0.0/16",
                "from_port": 0,
                "icmp_code": null,
                "icmp_type": null,
                "ipv6_cidr_block": "",
                "protocol": "tcp",
                "rule_no": 110,
                "to_port": 0
              }
            ],
            "id": "acl-0644b94651a3aa414",
            "ingress": [
              {
                "action": "allow",
                "cidr_block": "0.0.0.0/0",
                "from_port": 1024,
                "icmp_code": null,
                "icmp_type": null,
                "ipv6_cidr_block": "",
                "protocol": "tcp",
                "rule_no": 120,
                "to_port": 65535
              },
              {
                "action": "allow",
                "cidr_block": "10.0.0.0/16",
                "from_port": 0,
                "icmp_code": null,
                "icmp_type": null,
                "ipv6_cidr_block": "",
                "protocol": "tcp",
                "rule_no": 110,
                "to_port": 0
              }
            ],
            "owner_id": "944697335072",
            "subnet_ids": [
              "subnet-02db01d6dbb6be821"
            ],
            "tags": {
              "Name": "shopping-masternode-nacl"
            },
            "tags_all": {
              "Name": "shopping-masternode-nacl"
            },
            "vpc_id": "vpc-001a63942740db769"
          },
          "sensitive_attributes": [],
          "private": "bnVsbA==",
          "dependencies": [
            "aws_subnet.master-subnet",
            "aws_vpc.shopping-vpc"
          ]
        }
      ]
    },
    {
      "mode": "managed",
      "type": "aws_network_acl",
      "name": "shopping-workernode-nacl",
      "provider": "provider[\"registry.terraform.io/hashicorp/aws\"]",
      "instances": [
        {
          "schema_version": 0,
          "attributes": {
            "arn": "arn:aws:ec2:ap-northeast-1:944697335072:network-acl/acl-0f6242b80b953d5ea",
            "egress": [
              {
                "action": "allow",
                "cidr_block": "0.0.0.0/0",
                "from_port": 1024,
                "icmp_code": null,
                "icmp_type": null,
                "ipv6_cidr_block": "",
                "protocol": "tcp",
                "rule_no": 113,
                "to_port": 65535
              },
              {
                "action": "allow",
                "cidr_block": "0.0.0.0/0",
                "from_port": 443,
                "icmp_code": null,
                "icmp_type": null,
                "ipv6_cidr_block": "",
                "protocol": "tcp",
                "rule_no": 112,
                "to_port": 443
              },
              {
                "action": "allow",
                "cidr_block": "0.0.0.0/0",
                "from_port": 80,
                "icmp_code": null,
                "icmp_type": null,
                "ipv6_cidr_block": "",
                "protocol": "tcp",
                "rule_no": 111,
                "to_port": 80
              },
              {
                "action": "allow",
                "cidr_block": "10.0.0.0/16",
                "from_port": 0,
                "icmp_code": null,
                "icmp_type": null,
                "ipv6_cidr_block": "",
                "protocol": "tcp",
                "rule_no": 110,
                "to_port": 65535
              }
            ],
            "id": "acl-0f6242b80b953d5ea",
            "ingress": [
              {
                "action": "allow",
                "cidr_block": "0.0.0.0/0",
                "from_port": 1024,
                "icmp_code": null,
                "icmp_type": null,
                "ipv6_cidr_block": "",
                "protocol": "tcp",
                "rule_no": 120,
                "to_port": 65535
              },
              {
                "action": "allow",
                "cidr_block": "10.0.0.0/16",
                "from_port": 0,
                "icmp_code": null,
                "icmp_type": null,
                "ipv6_cidr_block": "",
                "protocol": "tcp",
                "rule_no": 110,
                "to_port": 0
              }
            ],
            "owner_id": "944697335072",
            "subnet_ids": [
              "subnet-01b9270dd7e29259c",
              "subnet-038ec31b0bbf7d1e0",
              "subnet-07423ea466126f9c8",
              "subnet-0f8de4cfb2b9a1c27"
            ],
            "tags": {
              "Name": "shopping-workernode-nacl"
            },
            "tags_all": {
              "Name": "shopping-workernode-nacl"
            },
            "vpc_id": "vpc-001a63942740db769"
          },
          "sensitive_attributes": [],
          "private": "bnVsbA==",
          "dependencies": [
            "aws_subnet.worker1-subnet",
            "aws_subnet.worker2-subnet",
            "aws_subnet.worker3-subnet",
            "aws_subnet.worker4-subnet",
            "aws_vpc.shopping-vpc"
          ]
        }
      ]
    },
    {
      "mode": "managed",
      "type": "aws_subnet",
      "name": "bastion-subnet",
      "provider": "provider[\"registry.terraform.io/hashicorp/aws\"]",
      "instances": [
        {
          "schema_version": 1,
          "attributes": {
            "arn": "arn:aws:ec2:ap-northeast-1:944697335072:subnet/subnet-0bfd42caf82f4ebd9",
            "assign_ipv6_address_on_creation": false,
            "availability_zone": "ap-northeast-1a",
            "availability_zone_id": "apne1-az4",
            "cidr_block": "10.20.0.0/24",
            "customer_owned_ipv4_pool": "",
            "enable_dns64": false,
            "enable_lni_at_device_index": 0,
            "enable_resource_name_dns_a_record_on_launch": false,
            "enable_resource_name_dns_aaaa_record_on_launch": false,
            "id": "subnet-0bfd42caf82f4ebd9",
            "ipv6_cidr_block": "",
            "ipv6_cidr_block_association_id": "",
            "ipv6_native": false,
            "map_customer_owned_ip_on_launch": false,
            "map_public_ip_on_launch": false,
            "outpost_arn": "",
            "owner_id": "944697335072",
            "private_dns_hostname_type_on_launch": "ip-name",
            "tags": {
              "Name": "bastion-subnet"
            },
            "tags_all": {
              "Name": "bastion-subnet"
            },
            "timeouts": null,
            "vpc_id": "vpc-0b3b991e7a41ab6fe"
          },
          "sensitive_attributes": [],
          "private": "eyJlMmJmYjczMC1lY2FhLTExZTYtOGY4OC0zNDM2M2JjN2M0YzAiOnsiY3JlYXRlIjo2MDAwMDAwMDAwMDAsImRlbGV0ZSI6MTIwMDAwMDAwMDAwMH0sInNjaGVtYV92ZXJzaW9uIjoiMSJ9",
          "dependencies": [
            "aws_vpc.bastion-vpc"
          ]
        }
      ]
    },
    {
      "mode": "managed",
      "type": "aws_subnet",
      "name": "db1-subnet",
      "provider": "provider[\"registry.terraform.io/hashicorp/aws\"]",
      "instances": [
        {
          "schema_version": 1,
          "attributes": {
            "arn": "arn:aws:ec2:ap-northeast-1:944697335072:subnet/subnet-0a66b2887066208fa",
            "assign_ipv6_address_on_creation": false,
            "availability_zone": "ap-northeast-1c",
            "availability_zone_id": "apne1-az1",
            "cidr_block": "10.10.0.0/24",
            "customer_owned_ipv4_pool": "",
            "enable_dns64": false,
            "enable_lni_at_device_index": 0,
            "enable_resource_name_dns_a_record_on_launch": false,
            "enable_resource_name_dns_aaaa_record_on_launch": false,
            "id": "subnet-0a66b2887066208fa",
            "ipv6_cidr_block": "",
            "ipv6_cidr_block_association_id": "",
            "ipv6_native": false,
            "map_customer_owned_ip_on_launch": false,
            "map_public_ip_on_launch": false,
            "outpost_arn": "",
            "owner_id": "944697335072",
            "private_dns_hostname_type_on_launch": "ip-name",
            "tags": {
              "Name": "db1-subnet"
            },
            "tags_all": {
              "Name": "db1-subnet"
            },
            "timeouts": null,
            "vpc_id": "vpc-0723b40db573c679c"
          },
          "sensitive_attributes": [],
          "private": "eyJlMmJmYjczMC1lY2FhLTExZTYtOGY4OC0zNDM2M2JjN2M0YzAiOnsiY3JlYXRlIjo2MDAwMDAwMDAwMDAsImRlbGV0ZSI6MTIwMDAwMDAwMDAwMH0sInNjaGVtYV92ZXJzaW9uIjoiMSJ9",
          "dependencies": [
            "aws_vpc.shopping-db-vpc"
          ]
        }
      ]
    },
    {
      "mode": "managed",
      "type": "aws_subnet",
      "name": "db2-subnet",
      "provider": "provider[\"registry.terraform.io/hashicorp/aws\"]",
      "instances": [
        {
          "schema_version": 1,
          "attributes": {
            "arn": "arn:aws:ec2:ap-northeast-1:944697335072:subnet/subnet-09463ef810143a9cb",
            "assign_ipv6_address_on_creation": false,
            "availability_zone": "ap-northeast-1d",
            "availability_zone_id": "apne1-az2",
            "cidr_block": "10.10.10.0/24",
            "customer_owned_ipv4_pool": "",
            "enable_dns64": false,
            "enable_lni_at_device_index": 0,
            "enable_resource_name_dns_a_record_on_launch": false,
            "enable_resource_name_dns_aaaa_record_on_launch": false,
            "id": "subnet-09463ef810143a9cb",
            "ipv6_cidr_block": "",
            "ipv6_cidr_block_association_id": "",
            "ipv6_native": false,
            "map_customer_owned_ip_on_launch": false,
            "map_public_ip_on_launch": false,
            "outpost_arn": "",
            "owner_id": "944697335072",
            "private_dns_hostname_type_on_launch": "ip-name",
            "tags": {
              "Name": "db2-subnet"
            },
            "tags_all": {
              "Name": "db2-subnet"
            },
            "timeouts": null,
            "vpc_id": "vpc-0723b40db573c679c"
          },
          "sensitive_attributes": [],
          "private": "eyJlMmJmYjczMC1lY2FhLTExZTYtOGY4OC0zNDM2M2JjN2M0YzAiOnsiY3JlYXRlIjo2MDAwMDAwMDAwMDAsImRlbGV0ZSI6MTIwMDAwMDAwMDAwMH0sInNjaGVtYV92ZXJzaW9uIjoiMSJ9",
          "dependencies": [
            "aws_vpc.shopping-db-vpc"
          ]
        }
      ]
    },
    {
      "mode": "managed",
      "type": "aws_subnet",
      "name": "firewall-subnet",
      "provider": "provider[\"registry.terraform.io/hashicorp/aws\"]",
      "instances": [
        {
          "schema_version": 1,
          "attributes": {
            "arn": "arn:aws:ec2:ap-northeast-1:944697335072:subnet/subnet-065495cbe71f6a6b4",
            "assign_ipv6_address_on_creation": false,
            "availability_zone": "ap-northeast-1a",
            "availability_zone_id": "apne1-az4",
            "cidr_block": "10.0.10.0/24",
            "customer_owned_ipv4_pool": "",
            "enable_dns64": false,
            "enable_lni_at_device_index": 0,
            "enable_resource_name_dns_a_record_on_launch": false,
            "enable_resource_name_dns_aaaa_record_on_launch": false,
            "id": "subnet-065495cbe71f6a6b4",
            "ipv6_cidr_block": "",
            "ipv6_cidr_block_association_id": "",
            "ipv6_native": false,
            "map_customer_owned_ip_on_launch": false,
            "map_public_ip_on_launch": false,
            "outpost_arn": "",
            "owner_id": "944697335072",
            "private_dns_hostname_type_on_launch": "ip-name",
            "tags": {
              "Name": "firewall-subnet"
            },
            "tags_all": {
              "Name": "firewall-subnet"
            },
            "timeouts": null,
            "vpc_id": "vpc-001a63942740db769"
          },
          "sensitive_attributes": [],
          "private": "eyJlMmJmYjczMC1lY2FhLTExZTYtOGY4OC0zNDM2M2JjN2M0YzAiOnsiY3JlYXRlIjo2MDAwMDAwMDAwMDAsImRlbGV0ZSI6MTIwMDAwMDAwMDAwMH0sInNjaGVtYV92ZXJzaW9uIjoiMSJ9",
          "dependencies": [
            "aws_vpc.shopping-vpc"
          ]
        }
      ]
    },
    {
      "mode": "managed",
      "type": "aws_subnet",
      "name": "internal-node1-subnet",
      "provider": "provider[\"registry.terraform.io/hashicorp/aws\"]",
      "instances": [
        {
          "schema_version": 1,
          "attributes": {
            "arn": "arn:aws:ec2:ap-northeast-1:944697335072:subnet/subnet-09aeec655bf1e1398",
            "assign_ipv6_address_on_creation": false,
            "availability_zone": "ap-northeast-1a",
            "availability_zone_id": "apne1-az4",
            "cidr_block": "10.0.1.0/24",
            "customer_owned_ipv4_pool": "",
            "enable_dns64": false,
            "enable_lni_at_device_index": 0,
            "enable_resource_name_dns_a_record_on_launch": false,
            "enable_resource_name_dns_aaaa_record_on_launch": false,
            "id": "subnet-09aeec655bf1e1398",
            "ipv6_cidr_block": "",
            "ipv6_cidr_block_association_id": "",
            "ipv6_native": false,
            "map_customer_owned_ip_on_launch": false,
            "map_public_ip_on_launch": false,
            "outpost_arn": "",
            "owner_id": "944697335072",
            "private_dns_hostname_type_on_launch": "ip-name",
            "tags": {
              "Name": "internal-node1-subnet"
            },
            "tags_all": {
              "Name": "internal-node1-subnet"
            },
            "timeouts": null,
            "vpc_id": "vpc-001a63942740db769"
          },
          "sensitive_attributes": [],
          "private": "eyJlMmJmYjczMC1lY2FhLTExZTYtOGY4OC0zNDM2M2JjN2M0YzAiOnsiY3JlYXRlIjo2MDAwMDAwMDAwMDAsImRlbGV0ZSI6MTIwMDAwMDAwMDAwMH0sInNjaGVtYV92ZXJzaW9uIjoiMSJ9",
          "dependencies": [
            "aws_vpc.shopping-vpc"
          ]
        }
      ]
    },
    {
      "mode": "managed",
      "type": "aws_subnet",
      "name": "internal-node2-subnet",
      "provider": "provider[\"registry.terraform.io/hashicorp/aws\"]",
      "instances": [
        {
          "schema_version": 1,
          "attributes": {
            "arn": "arn:aws:ec2:ap-northeast-1:944697335072:subnet/subnet-099dd74c350429074",
            "assign_ipv6_address_on_creation": false,
            "availability_zone": "ap-northeast-1c",
            "availability_zone_id": "apne1-az1",
            "cidr_block": "10.0.5.0/24",
            "customer_owned_ipv4_pool": "",
            "enable_dns64": false,
            "enable_lni_at_device_index": 0,
            "enable_resource_name_dns_a_record_on_launch": false,
            "enable_resource_name_dns_aaaa_record_on_launch": false,
            "id": "subnet-099dd74c350429074",
            "ipv6_cidr_block": "",
            "ipv6_cidr_block_association_id": "",
            "ipv6_native": false,
            "map_customer_owned_ip_on_launch": false,
            "map_public_ip_on_launch": false,
            "outpost_arn": "",
            "owner_id": "944697335072",
            "private_dns_hostname_type_on_launch": "ip-name",
            "tags": {
              "Name": "internal-node2-subnet"
            },
            "tags_all": {
              "Name": "internal-node2-subnet"
            },
            "timeouts": null,
            "vpc_id": "vpc-001a63942740db769"
          },
          "sensitive_attributes": [],
          "private": "eyJlMmJmYjczMC1lY2FhLTExZTYtOGY4OC0zNDM2M2JjN2M0YzAiOnsiY3JlYXRlIjo2MDAwMDAwMDAwMDAsImRlbGV0ZSI6MTIwMDAwMDAwMDAwMH0sInNjaGVtYV92ZXJzaW9uIjoiMSJ9",
          "dependencies": [
            "aws_vpc.shopping-vpc"
          ]
        }
      ]
    },
    {
      "mode": "managed",
      "type": "aws_subnet",
      "name": "master-subnet",
      "provider": "provider[\"registry.terraform.io/hashicorp/aws\"]",
      "instances": [
        {
          "schema_version": 1,
          "attributes": {
            "arn": "arn:aws:ec2:ap-northeast-1:944697335072:subnet/subnet-02db01d6dbb6be821",
            "assign_ipv6_address_on_creation": false,
            "availability_zone": "ap-northeast-1d",
            "availability_zone_id": "apne1-az2",
            "cidr_block": "10.0.20.0/24",
            "customer_owned_ipv4_pool": "",
            "enable_dns64": false,
            "enable_lni_at_device_index": 0,
            "enable_resource_name_dns_a_record_on_launch": false,
            "enable_resource_name_dns_aaaa_record_on_launch": false,
            "id": "subnet-02db01d6dbb6be821",
            "ipv6_cidr_block": "",
            "ipv6_cidr_block_association_id": "",
            "ipv6_native": false,
            "map_customer_owned_ip_on_launch": false,
            "map_public_ip_on_launch": true,
            "outpost_arn": "",
            "owner_id": "944697335072",
            "private_dns_hostname_type_on_launch": "ip-name",
            "tags": {
              "Name": "master-subnet"
            },
            "tags_all": {
              "Name": "master-subnet"
            },
            "timeouts": null,
            "vpc_id": "vpc-001a63942740db769"
          },
          "sensitive_attributes": [],
          "private": "eyJlMmJmYjczMC1lY2FhLTExZTYtOGY4OC0zNDM2M2JjN2M0YzAiOnsiY3JlYXRlIjo2MDAwMDAwMDAwMDAsImRlbGV0ZSI6MTIwMDAwMDAwMDAwMH0sInNjaGVtYV92ZXJzaW9uIjoiMSJ9",
          "dependencies": [
            "aws_vpc.shopping-vpc"
          ]
        }
      ]
    },
    {
      "mode": "managed",
      "type": "aws_subnet",
      "name": "worker1-subnet",
      "provider": "provider[\"registry.terraform.io/hashicorp/aws\"]",
      "instances": [
        {
          "schema_version": 1,
          "attributes": {
            "arn": "arn:aws:ec2:ap-northeast-1:944697335072:subnet/subnet-0f8de4cfb2b9a1c27",
            "assign_ipv6_address_on_creation": false,
            "availability_zone": "ap-northeast-1d",
            "availability_zone_id": "apne1-az2",
            "cidr_block": "10.0.30.0/24",
            "customer_owned_ipv4_pool": "",
            "enable_dns64": false,
            "enable_lni_at_device_index": 0,
            "enable_resource_name_dns_a_record_on_launch": false,
            "enable_resource_name_dns_aaaa_record_on_launch": false,
            "id": "subnet-0f8de4cfb2b9a1c27",
            "ipv6_cidr_block": "",
            "ipv6_cidr_block_association_id": "",
            "ipv6_native": false,
            "map_customer_owned_ip_on_launch": false,
            "map_public_ip_on_launch": false,
            "outpost_arn": "",
            "owner_id": "944697335072",
            "private_dns_hostname_type_on_launch": "ip-name",
            "tags": {
              "Name": "worker1-subnet"
            },
            "tags_all": {
              "Name": "worker1-subnet"
            },
            "timeouts": null,
            "vpc_id": "vpc-001a63942740db769"
          },
          "sensitive_attributes": [],
          "private": "eyJlMmJmYjczMC1lY2FhLTExZTYtOGY4OC0zNDM2M2JjN2M0YzAiOnsiY3JlYXRlIjo2MDAwMDAwMDAwMDAsImRlbGV0ZSI6MTIwMDAwMDAwMDAwMH0sInNjaGVtYV92ZXJzaW9uIjoiMSJ9",
          "dependencies": [
            "aws_vpc.shopping-vpc"
          ]
        }
      ]
    },
    {
      "mode": "managed",
      "type": "aws_subnet",
      "name": "worker2-subnet",
      "provider": "provider[\"registry.terraform.io/hashicorp/aws\"]",
      "instances": [
        {
          "schema_version": 1,
          "attributes": {
            "arn": "arn:aws:ec2:ap-northeast-1:944697335072:subnet/subnet-038ec31b0bbf7d1e0",
            "assign_ipv6_address_on_creation": false,
            "availability_zone": "ap-northeast-1d",
            "availability_zone_id": "apne1-az2",
            "cidr_block": "10.0.31.0/24",
            "customer_owned_ipv4_pool": "",
            "enable_dns64": false,
            "enable_lni_at_device_index": 0,
            "enable_resource_name_dns_a_record_on_launch": false,
            "enable_resource_name_dns_aaaa_record_on_launch": false,
            "id": "subnet-038ec31b0bbf7d1e0",
            "ipv6_cidr_block": "",
            "ipv6_cidr_block_association_id": "",
            "ipv6_native": false,
            "map_customer_owned_ip_on_launch": false,
            "map_public_ip_on_launch": false,
            "outpost_arn": "",
            "owner_id": "944697335072",
            "private_dns_hostname_type_on_launch": "ip-name",
            "tags": {
              "Name": "worker2-subnet"
            },
            "tags_all": {
              "Name": "worker2-subnet"
            },
            "timeouts": null,
            "vpc_id": "vpc-001a63942740db769"
          },
          "sensitive_attributes": [],
          "private": "eyJlMmJmYjczMC1lY2FhLTExZTYtOGY4OC0zNDM2M2JjN2M0YzAiOnsiY3JlYXRlIjo2MDAwMDAwMDAwMDAsImRlbGV0ZSI6MTIwMDAwMDAwMDAwMH0sInNjaGVtYV92ZXJzaW9uIjoiMSJ9",
          "dependencies": [
            "aws_vpc.shopping-vpc"
          ]
        }
      ]
    },
    {
      "mode": "managed",
      "type": "aws_subnet",
      "name": "worker3-subnet",
      "provider": "provider[\"registry.terraform.io/hashicorp/aws\"]",
      "instances": [
        {
          "schema_version": 1,
          "attributes": {
            "arn": "arn:aws:ec2:ap-northeast-1:944697335072:subnet/subnet-01b9270dd7e29259c",
            "assign_ipv6_address_on_creation": false,
            "availability_zone": "ap-northeast-1d",
            "availability_zone_id": "apne1-az2",
            "cidr_block": "10.0.32.0/24",
            "customer_owned_ipv4_pool": "",
            "enable_dns64": false,
            "enable_lni_at_device_index": 0,
            "enable_resource_name_dns_a_record_on_launch": false,
            "enable_resource_name_dns_aaaa_record_on_launch": false,
            "id": "subnet-01b9270dd7e29259c",
            "ipv6_cidr_block": "",
            "ipv6_cidr_block_association_id": "",
            "ipv6_native": false,
            "map_customer_owned_ip_on_launch": false,
            "map_public_ip_on_launch": false,
            "outpost_arn": "",
            "owner_id": "944697335072",
            "private_dns_hostname_type_on_launch": "ip-name",
            "tags": {
              "Name": "worker3-subnet"
            },
            "tags_all": {
              "Name": "worker3-subnet"
            },
            "timeouts": null,
            "vpc_id": "vpc-001a63942740db769"
          },
          "sensitive_attributes": [],
          "private": "eyJlMmJmYjczMC1lY2FhLTExZTYtOGY4OC0zNDM2M2JjN2M0YzAiOnsiY3JlYXRlIjo2MDAwMDAwMDAwMDAsImRlbGV0ZSI6MTIwMDAwMDAwMDAwMH0sInNjaGVtYV92ZXJzaW9uIjoiMSJ9",
          "dependencies": [
            "aws_vpc.shopping-vpc"
          ]
        }
      ]
    },
    {
      "mode": "managed",
      "type": "aws_subnet",
      "name": "worker4-subnet",
      "provider": "provider[\"registry.terraform.io/hashicorp/aws\"]",
      "instances": [
        {
          "schema_version": 1,
          "attributes": {
            "arn": "arn:aws:ec2:ap-northeast-1:944697335072:subnet/subnet-07423ea466126f9c8",
            "assign_ipv6_address_on_creation": false,
            "availability_zone": "ap-northeast-1d",
            "availability_zone_id": "apne1-az2",
            "cidr_block": "10.0.33.0/24",
            "customer_owned_ipv4_pool": "",
            "enable_dns64": false,
            "enable_lni_at_device_index": 0,
            "enable_resource_name_dns_a_record_on_launch": false,
            "enable_resource_name_dns_aaaa_record_on_launch": false,
            "id": "subnet-07423ea466126f9c8",
            "ipv6_cidr_block": "",
            "ipv6_cidr_block_association_id": "",
            "ipv6_native": false,
            "map_customer_owned_ip_on_launch": false,
            "map_public_ip_on_launch": false,
            "outpost_arn": "",
            "owner_id": "944697335072",
            "private_dns_hostname_type_on_launch": "ip-name",
            "tags": {
              "Name": "worker4-subnet"
            },
            "tags_all": {
              "Name": "worker4-subnet"
            },
            "timeouts": null,
            "vpc_id": "vpc-001a63942740db769"
          },
          "sensitive_attributes": [],
          "private": "eyJlMmJmYjczMC1lY2FhLTExZTYtOGY4OC0zNDM2M2JjN2M0YzAiOnsiY3JlYXRlIjo2MDAwMDAwMDAwMDAsImRlbGV0ZSI6MTIwMDAwMDAwMDAwMH0sInNjaGVtYV92ZXJzaW9uIjoiMSJ9",
          "dependencies": [
            "aws_vpc.shopping-vpc"
          ]
        }
      ]
    },
    {
      "mode": "managed",
      "type": "aws_vpc",
      "name": "bastion-vpc",
      "provider": "provider[\"registry.terraform.io/hashicorp/aws\"]",
      "instances": [
        {
          "schema_version": 1,
          "attributes": {
            "arn": "arn:aws:ec2:ap-northeast-1:944697335072:vpc/vpc-0b3b991e7a41ab6fe",
            "assign_generated_ipv6_cidr_block": false,
            "cidr_block": "10.20.0.0/24",
            "default_network_acl_id": "acl-03bcf062126979ebd",
            "default_route_table_id": "rtb-0ca292a9ddf8e8b04",
            "default_security_group_id": "sg-05db3ef169d4b58e4",
            "dhcp_options_id": "dopt-0b190ab7d55bcee1c",
            "enable_dns_hostnames": false,
            "enable_dns_support": true,
            "enable_network_address_usage_metrics": false,
            "id": "vpc-0b3b991e7a41ab6fe",
            "instance_tenancy": "default",
            "ipv4_ipam_pool_id": null,
            "ipv4_netmask_length": null,
            "ipv6_association_id": "",
            "ipv6_cidr_block": "",
            "ipv6_cidr_block_network_border_group": "",
            "ipv6_ipam_pool_id": "",
            "ipv6_netmask_length": 0,
            "main_route_table_id": "rtb-0ca292a9ddf8e8b04",
            "owner_id": "944697335072",
            "tags": {
              "Name": "bastion-vpc"
            },
            "tags_all": {
              "Name": "bastion-vpc"
            }
          },
          "sensitive_attributes": [],
          "private": "eyJzY2hlbWFfdmVyc2lvbiI6IjEifQ=="
        }
      ]
    },
    {
      "mode": "managed",
      "type": "aws_vpc",
      "name": "shopping-db-vpc",
      "provider": "provider[\"registry.terraform.io/hashicorp/aws\"]",
      "instances": [
        {
          "schema_version": 1,
          "attributes": {
            "arn": "arn:aws:ec2:ap-northeast-1:944697335072:vpc/vpc-0723b40db573c679c",
            "assign_generated_ipv6_cidr_block": false,
            "cidr_block": "10.10.0.0/20",
            "default_network_acl_id": "acl-0c2b1a966b1c8c84f",
            "default_route_table_id": "rtb-0eac8066d81e72dd3",
            "default_security_group_id": "sg-0d31798d81d79e4d7",
            "dhcp_options_id": "dopt-0b190ab7d55bcee1c",
            "enable_dns_hostnames": false,
            "enable_dns_support": true,
            "enable_network_address_usage_metrics": false,
            "id": "vpc-0723b40db573c679c",
            "instance_tenancy": "default",
            "ipv4_ipam_pool_id": null,
            "ipv4_netmask_length": null,
            "ipv6_association_id": "",
            "ipv6_cidr_block": "",
            "ipv6_cidr_block_network_border_group": "",
            "ipv6_ipam_pool_id": "",
            "ipv6_netmask_length": 0,
            "main_route_table_id": "rtb-0eac8066d81e72dd3",
            "owner_id": "944697335072",
            "tags": {
              "Name": "shopping-db-vpc"
            },
            "tags_all": {
              "Name": "shopping-db-vpc"
            }
          },
          "sensitive_attributes": [],
          "private": "eyJzY2hlbWFfdmVyc2lvbiI6IjEifQ=="
        }
      ]
    },
    {
      "mode": "managed",
      "type": "aws_vpc",
      "name": "shopping-vpc",
      "provider": "provider[\"registry.terraform.io/hashicorp/aws\"]",
      "instances": [
        {
          "schema_version": 1,
          "attributes": {
            "arn": "arn:aws:ec2:ap-northeast-1:944697335072:vpc/vpc-001a63942740db769",
            "assign_generated_ipv6_cidr_block": false,
            "cidr_block": "10.0.0.0/16",
            "default_network_acl_id": "acl-01ef553ac4a5f65ea",
            "default_route_table_id": "rtb-09c914a488d3d6e3e",
            "default_security_group_id": "sg-078fb6fed01d8729c",
            "dhcp_options_id": "dopt-0b190ab7d55bcee1c",
            "enable_dns_hostnames": false,
            "enable_dns_support": true,
            "enable_network_address_usage_metrics": false,
            "id": "vpc-001a63942740db769",
            "instance_tenancy": "default",
            "ipv4_ipam_pool_id": null,
            "ipv4_netmask_length": null,
            "ipv6_association_id": "",
            "ipv6_cidr_block": "",
            "ipv6_cidr_block_network_border_group": "",
            "ipv6_ipam_pool_id": "",
            "ipv6_netmask_length": 0,
            "main_route_table_id": "rtb-09c914a488d3d6e3e",
            "owner_id": "944697335072",
            "tags": {
              "Name": "shopping-vpc"
            },
            "tags_all": {
              "Name": "shopping-vpc"
            }
          },
          "sensitive_attributes": [],
          "private": "eyJzY2hlbWFfdmVyc2lvbiI6IjEifQ=="
        }
      ]
    },
    {
      "mode": "managed",
      "type": "local_file",
      "name": "ssh_key",
      "provider": "provider[\"registry.terraform.io/hashicorp/local\"]",
      "instances": [
        {
          "schema_version": 0,
          "attributes": {
            "content": "-----BEGIN RSA PRIVATE KEY-----\nMIIJKAIBAAKCAgEA2eQnipfFdIAW4cWOo3r2ENg+jKi/ekYlDCNi1BNIKjODZYOs\ncc8jIw12JeIksJ61P2dgBaV02ywtkCFVPjgpeyFSIBnn2PBdOziAxrmVKhvX0qvz\nBcY+WBJ6Y0LWwaVrEliBd9V89rDuUMi1aIbAsW4VyRxCuIaBtMuXJ5X8IuxU06Bl\nmykoo9tFOEpxXI+UERM/rsA0NDvBJPZj6TYiExv1CQJOaC4QyvOgEHS9d6ExXL+K\nFxXpEQou+3iyU673qE5Y/hre6N380dl6v4ghG31Hwnqo6cll8ut5/xqJZASmTnTH\ntSenI4ffw93XJ9oUCWbEN90h5ksbEyEjdmkl5BnPOH0J4ic+kXPZ5tTB+VGPUGqL\nnGJ5Aex16NJ9kZ4OKjbvJCQbUgQtOYi+3011NeB6KQjWUTSiavDh9ZPGeRMPaOA5\nzdL9ymZPHAn5mNkcj9DGDJQ+hNUYmwh5r56wMECTWbH+Sj0+QrknPbxYSI4JyEGe\nLMhuk0As+Rm5Gdl7WywzD7ykKML+HhveOoDJBxPGHa4K7Ha5k0UNDtJ64irbdGz/\nMX7Zvns0Ej+adm+9Y9WP5ZZMeHxoObhym9Bb41Y2BtCvxqrxdKLUA6zD+Vj2dEHE\nbf1UQlL6eCMQfYwpYXLGEdDzkVfoOy3mAVmf+ePRNlGooY8zRYGedJ9crmUCAwEA\nAQKCAgB889EVMooikB4PJSryZ15bNJdSNKdx6G3wcw6GzfPxd48flQ48Sew9esfJ\nW9Fsk+ce0BqJwmOsGL6cS/FFeBGZsfcVv6VsjBL7FiELVXvMJSF0h/Ua16ADA725\n1Kexbzpiz+yXGw/JrJdOLnuR0M0KMzY9GX7NsR0K4EHzipiIMn1Gy1HZVBYhOWqN\nqGswCIqB7Eb14PVPCwFtP/r1z3xk9wBjRTZPmjM5H9Mn/Lp2szLKnHEFYiRBCFT/\nEy04vjr6AswYFLLGWh9U/GHfGqLZz9NqHMtnHn7fetiASeiGOgBhN6kbIv0/a/kP\nqtVq3i3lYlCeNKrvFR0WsEdU7WGzSQ7p6P8ZwMJDZafrf4LlEnuGBHtZd/dEY5GZ\nOio6I8jH8RIRJ9GgPWuTchni1csrxvPOslfOlD9R3MG68YfyBwhYEW78lmZy5aCc\nIFyxi/jL2MfoYvbM67Zn75qkXcOXm7cSWHvsuYAnxIYKnWLvznyJ3Poe5qppCoBA\nNhgAG/GHL+0LT9BYbcO9UsqDUrikDlOiyyag0C8+tx1BlpEgX39BN2TQsX7FFJRN\np1NTOejFo5RKkooOJc6zO1bjAuBbkPE22LAh4pNixap/SfI1IqODBV+EsU2wAFUu\na38hEHScyEJuXodI4N1H58jfBc2J8e8sIdd0XvKdD7ez2VFg9QKCAQEA3gDyeL2b\nxsK/Is9e9pN6UyG9PGId286FzlrcOpAj6TiunHXvhkROp6M52pHvBZQEqVpfNfAE\nGqJZoMx0bHM24j/EIqlf7H+1eEKSUS9vZAozMArU8FRCuNlhoBuNJnnLgp9bokpg\nK4gZyLhbzJiS+vPOGgAcmh0alnVlTkKeSEgnmewtBB+U0VMepJcFKQREBmakoN0a\nH+iX/3Pqu/H2ThcKAAp1ORyAQzaW1YBSsEYOW3tH+iQmhlKneH+BJSMDqoN0PHRs\nAVyLHlgkHBqbaFo7xqvUOH6zEh/R88qHgi4Q9VJPu/tZeW7sPSxLywPr+OHcYGdl\nLXCtak6h14lRmwKCAQEA+0H9MBitxx0h8BNz7yrEIsAL1z5ivwieXE8nBigFD1HS\nznBjyaBUS+ZL9XFlQGhE3a1c5FA8TcaeMIrUUkQpB1+pCIZ9tRn2hb1ZHVD9vihi\niw76c+Di4ztS15Oc1kfj1J/OvMiQzqU89C5JjTAuUhuUqlT7hBnuf0yhaKcHCqxu\n6S80+MDmUpiCun0+csbchV/0pjSO/MYFuad+uWiigsulD+qQrRadLvuNha6wmmr8\n0JhS06I1eeO7CY7quwCJ8d2AKv/uyE6SxYTkZDgqIckXRLAxMRaWd3fbBH4lZWAA\ncOyZKHy26vVbFb95HrtxotxYt1oxLI/Mzb+MzhH//wKCAQBPQ1lPIKuIqKmjnRST\nxw4KtmYhNArjGvaNOcWdpy8bKuC0/iqZ7rOCiPW0AxyrCjEr4hdSY7Kja8nCbp02\nx2AWIZw+n+iewO4i1On20I/d0QJ7qbJjaEI2S27ewleAIEY4CfumkxWJFVvXXXNx\nNhxsOzYf9GBB6hg/FgUojwKCXji9bSSZb0kr/5hWPZFbFqnO+0DWKnsUX3A9hb6O\nghJlyTYJ07IMxQ9KcCgkbF+Zjjm8EeUd+2BB3yrqC+QpRToe3DZZC1wwlEEbgW7L\nFfjcpjLneRwZW6tF0lSczXfaU+Y8ILpVLKXChIcWREV/Y5QR1VpglSn7slpINXD1\nSpL3AoIBAQDVQrtuOWQ2nwmRRlGe7MOxYyQpu/AAiYYwf5Z16T3yNNcjFc388zLZ\ngU1ztJ3mPxpEtcMknt2wficCuLNiaCwS8CT+8Xh9YN4XwhGDipz07D5IHZyDApxR\nlqbIB6iVUEuWy1WkcvBGFYZZE3imeAC4/GQA90TMaV4/eoF93Fdjvdwd3E2v3bsg\n3AYJ2AhLT3MZWcrDz9SVxFZTsFEleiSFs+gUTFokMA+WMzl6AD4xsyGGw+N5cjLF\nlH/Kqx2dP+XV/tWsqbK5HcgCErvwPKO2LYKscIgwTCXGnVquw4tmMkftkUSmUsTH\nRR3cpbpeVWcsfq5mYg1e72c8M5uFxU1tAoIBAD81H442nk/aGqpW1NkpOHjJGrzf\n20xAke+tUAJC/vFPaDjJuNRDQ1q2cFyQKFnZiVhkC8YxKdByAMSnK8BOqrsup2Ho\nsBYpMr/wW6SRzgusWSmlSCyijP007/5YPO0931tqAOFi8ODqjKASK97TycWkD1AL\nIZ5ffZTSdkQctOu4+94SZY1yULOaOBwAi6fHTrUJBzhCLuwYsvAdKSFj7vhbwn41\nxnn7aM2Qubwb1HscBNkV4fTJ16oPvZTwpd/2bsvZeWcNI1S4DbKq/4winLHhn+Sg\nDJoOKoTWhYHWAWigjkTrSY000L9DQVCelkgQkZc+ZinonmRl5Ri0P3a0g+I=\n-----END RSA PRIVATE KEY-----\n",
            "content_base64": null,
            "content_base64sha256": "P7JIj2+Ci5SgoEdLmwsb5XK7jKpL0GHJMubo8PEbFmI=",
            "content_base64sha512": "Ec9Otj6M9Ou+V0Hyr1En8W/iE7v5IwT4Imm/jTwAcBzMHW9BEBKuCYvFSiywFHQ+aokIHSwb4E/FxRDsyUMzng==",
            "content_md5": "2bf6e2a3c0762b29f509a504c260a4e6",
            "content_sha1": "30e42f18dd9b46c0463a3f6bf6fa951404dfb7a9",
            "content_sha256": "3fb2488f6f828b94a0a0474b9b0b1be572bb8caa4bd061c932e6e8f0f11b1662",
            "content_sha512": "11cf4eb63e8cf4ebbe5741f2af5127f16fe213bbf92304f82269bf8d3c00701ccc1d6f411012ae098bc54a2cb014743e6a89081d2c1be04fc5c510ecc943339e",
            "directory_permission": "0777",
            "file_permission": "0777",
            "filename": "ekskey.pem",
            "id": "30e42f18dd9b46c0463a3f6bf6fa951404dfb7a9",
            "sensitive_content": null,
            "source": null
          },
          "sensitive_attributes": [
            [
              {
                "type": "get_attr",
                "value": "content"
              }
            ]
          ],
          "dependencies": [
            "aws_key_pair.kp",
            "tls_private_key.pk"
          ]
        }
      ]
    },
    {
      "mode": "managed",
      "type": "tls_private_key",
      "name": "pk",
      "provider": "provider[\"registry.terraform.io/hashicorp/tls\"]",
      "instances": [
        {
          "schema_version": 1,
          "attributes": {
            "algorithm": "RSA",
            "ecdsa_curve": "P224",
            "id": "06b9dad6b87bae82949c61aa5908ae6f9b88b023",
            "private_key_openssh": "-----BEGIN OPENSSH PRIVATE KEY-----\nb3BlbnNzaC1rZXktdjEAAAAABG5vbmUAAAAEbm9uZQAAAAAAAAABAAACFwAAAAdz\nc2gtcnNhAAAAAwEAAQAAAgEA2eQnipfFdIAW4cWOo3r2ENg+jKi/ekYlDCNi1BNI\nKjODZYOscc8jIw12JeIksJ61P2dgBaV02ywtkCFVPjgpeyFSIBnn2PBdOziAxrmV\nKhvX0qvzBcY+WBJ6Y0LWwaVrEliBd9V89rDuUMi1aIbAsW4VyRxCuIaBtMuXJ5X8\nIuxU06Blmykoo9tFOEpxXI+UERM/rsA0NDvBJPZj6TYiExv1CQJOaC4QyvOgEHS9\nd6ExXL+KFxXpEQou+3iyU673qE5Y/hre6N380dl6v4ghG31Hwnqo6cll8ut5/xqJ\nZASmTnTHtSenI4ffw93XJ9oUCWbEN90h5ksbEyEjdmkl5BnPOH0J4ic+kXPZ5tTB\n+VGPUGqLnGJ5Aex16NJ9kZ4OKjbvJCQbUgQtOYi+3011NeB6KQjWUTSiavDh9ZPG\neRMPaOA5zdL9ymZPHAn5mNkcj9DGDJQ+hNUYmwh5r56wMECTWbH+Sj0+QrknPbxY\nSI4JyEGeLMhuk0As+Rm5Gdl7WywzD7ykKML+HhveOoDJBxPGHa4K7Ha5k0UNDtJ6\n4irbdGz/MX7Zvns0Ej+adm+9Y9WP5ZZMeHxoObhym9Bb41Y2BtCvxqrxdKLUA6zD\n+Vj2dEHEbf1UQlL6eCMQfYwpYXLGEdDzkVfoOy3mAVmf+ePRNlGooY8zRYGedJ9c\nrmUAAAc4GkSgmRpEoJkAAAAHc3NoLXJzYQAAAgEA2eQnipfFdIAW4cWOo3r2ENg+\njKi/ekYlDCNi1BNIKjODZYOscc8jIw12JeIksJ61P2dgBaV02ywtkCFVPjgpeyFS\nIBnn2PBdOziAxrmVKhvX0qvzBcY+WBJ6Y0LWwaVrEliBd9V89rDuUMi1aIbAsW4V\nyRxCuIaBtMuXJ5X8IuxU06Blmykoo9tFOEpxXI+UERM/rsA0NDvBJPZj6TYiExv1\nCQJOaC4QyvOgEHS9d6ExXL+KFxXpEQou+3iyU673qE5Y/hre6N380dl6v4ghG31H\nwnqo6cll8ut5/xqJZASmTnTHtSenI4ffw93XJ9oUCWbEN90h5ksbEyEjdmkl5BnP\nOH0J4ic+kXPZ5tTB+VGPUGqLnGJ5Aex16NJ9kZ4OKjbvJCQbUgQtOYi+3011NeB6\nKQjWUTSiavDh9ZPGeRMPaOA5zdL9ymZPHAn5mNkcj9DGDJQ+hNUYmwh5r56wMECT\nWbH+Sj0+QrknPbxYSI4JyEGeLMhuk0As+Rm5Gdl7WywzD7ykKML+HhveOoDJBxPG\nHa4K7Ha5k0UNDtJ64irbdGz/MX7Zvns0Ej+adm+9Y9WP5ZZMeHxoObhym9Bb41Y2\nBtCvxqrxdKLUA6zD+Vj2dEHEbf1UQlL6eCMQfYwpYXLGEdDzkVfoOy3mAVmf+ePR\nNlGooY8zRYGedJ9crmUAAAADAQABAAACAHzz0RUyiiKQHg8lKvJnXls0l1I0p3Ho\nbfBzDobN8/F3jx+VDjxJ7D16x8lb0WyT5x7QGonCY6wYvpxL8UV4EZmx9xW/pWyM\nEvsWIQtVe8wlIXSH9RrXoAMDvbnUp7FvOmLP7JcbD8msl04ue5HQzQozNj0Zfs2x\nHQrgQfOKmIgyfUbLUdlUFiE5ao2oazAIioHsRvXg9U8LAW0/+vXPfGT3AGNFNk+a\nMzkf0yf8unazMsqccQViJEEIVP8TLTi+OvoCzBgUssZaH1T8Yd8aotnP02ocy2ce\nft962IBJ6IY6AGE3qRsi/T9r+Q+q1WreLeViUJ40qu8VHRawR1TtYbNJDuno/xnA\nwkNlp+t/guUSe4YEe1l390RjkZk6KjojyMfxEhEn0aA9a5NyGeLVyyvG886yV86U\nP1Hcwbrxh/IHCFgRbvyWZnLloJwgXLGL+MvYx+hi9szrtmfvmqRdw5ebtxJYe+y5\ngCfEhgqdYu/OfInc+h7mqmkKgEA2GAAb8Ycv7QtP0Fhtw71SyoNSuKQOU6LLJqDQ\nLz63HUGWkSBff0E3ZNCxfsUUlE2nU1M56MWjlEqSig4lzrM7VuMC4FuQ8TbYsCHi\nk2LFqn9J8jUio4MFX4SxTbAAVS5rfyEQdJzIQm5eh0jg3UfnyN8FzYnx7ywh13Re\n8p0Pt7PZUWD1AAABAD81H442nk/aGqpW1NkpOHjJGrzf20xAke+tUAJC/vFPaDjJ\nuNRDQ1q2cFyQKFnZiVhkC8YxKdByAMSnK8BOqrsup2HosBYpMr/wW6SRzgusWSml\nSCyijP007/5YPO0931tqAOFi8ODqjKASK97TycWkD1ALIZ5ffZTSdkQctOu4+94S\nZY1yULOaOBwAi6fHTrUJBzhCLuwYsvAdKSFj7vhbwn41xnn7aM2Qubwb1HscBNkV\n4fTJ16oPvZTwpd/2bsvZeWcNI1S4DbKq/4winLHhn+SgDJoOKoTWhYHWAWigjkTr\nSY000L9DQVCelkgQkZc+ZinonmRl5Ri0P3a0g+IAAAEBAN4A8ni9m8bCvyLPXvaT\nelMhvTxiHdvOhc5a3DqQI+k4rpx174ZETqejOdqR7wWUBKlaXzXwBBqiWaDMdGxz\nNuI/xCKpX+x/tXhCklEvb2QKMzAK1PBUQrjZYaAbjSZ5y4KfW6JKYCuIGci4W8yY\nkvrzzhoAHJodGpZ1ZU5CnkhIJ5nsLQQflNFTHqSXBSkERAZmpKDdGh/ol/9z6rvx\n9k4XCgAKdTkcgEM2ltWAUrBGDlt7R/okJoZSp3h/gSUjA6qDdDx0bAFcix5YJBwa\nm2haO8ar1Dh+sxIf0fPKh4IuEPVST7v7WXlu7D0sS8sD6/jh3GBnZS1wrWpOodeJ\nUZsAAAEBAPtB/TAYrccdIfATc+8qxCLAC9c+Yr8InlxPJwYoBQ9R0s5wY8mgVEvm\nS/VxZUBoRN2tXORQPE3GnjCK1FJEKQdfqQiGfbUZ9oW9WR1Q/b4oYosO+nPg4uM7\nUteTnNZH49SfzrzIkM6lPPQuSY0wLlIblKpU+4QZ7n9MoWinBwqsbukvNPjA5lKY\ngrp9PnLG3IVf9KY0jvzGBbmnfrloooLLpQ/qkK0WnS77jYWusJpq/NCYUtOiNXnj\nuwmO6rsAifHdgCr/7shOksWE5GQ4KiHJF0SwMTEWlnd32wR+JWVgAHDsmSh8tur1\nWxW/eR67caLcWLdaMSyPzM2/jM4R//8AAAAAAQID\n-----END OPENSSH PRIVATE KEY-----\n",
            "private_key_pem": "-----BEGIN RSA PRIVATE KEY-----\nMIIJKAIBAAKCAgEA2eQnipfFdIAW4cWOo3r2ENg+jKi/ekYlDCNi1BNIKjODZYOs\ncc8jIw12JeIksJ61P2dgBaV02ywtkCFVPjgpeyFSIBnn2PBdOziAxrmVKhvX0qvz\nBcY+WBJ6Y0LWwaVrEliBd9V89rDuUMi1aIbAsW4VyRxCuIaBtMuXJ5X8IuxU06Bl\nmykoo9tFOEpxXI+UERM/rsA0NDvBJPZj6TYiExv1CQJOaC4QyvOgEHS9d6ExXL+K\nFxXpEQou+3iyU673qE5Y/hre6N380dl6v4ghG31Hwnqo6cll8ut5/xqJZASmTnTH\ntSenI4ffw93XJ9oUCWbEN90h5ksbEyEjdmkl5BnPOH0J4ic+kXPZ5tTB+VGPUGqL\nnGJ5Aex16NJ9kZ4OKjbvJCQbUgQtOYi+3011NeB6KQjWUTSiavDh9ZPGeRMPaOA5\nzdL9ymZPHAn5mNkcj9DGDJQ+hNUYmwh5r56wMECTWbH+Sj0+QrknPbxYSI4JyEGe\nLMhuk0As+Rm5Gdl7WywzD7ykKML+HhveOoDJBxPGHa4K7Ha5k0UNDtJ64irbdGz/\nMX7Zvns0Ej+adm+9Y9WP5ZZMeHxoObhym9Bb41Y2BtCvxqrxdKLUA6zD+Vj2dEHE\nbf1UQlL6eCMQfYwpYXLGEdDzkVfoOy3mAVmf+ePRNlGooY8zRYGedJ9crmUCAwEA\nAQKCAgB889EVMooikB4PJSryZ15bNJdSNKdx6G3wcw6GzfPxd48flQ48Sew9esfJ\nW9Fsk+ce0BqJwmOsGL6cS/FFeBGZsfcVv6VsjBL7FiELVXvMJSF0h/Ua16ADA725\n1Kexbzpiz+yXGw/JrJdOLnuR0M0KMzY9GX7NsR0K4EHzipiIMn1Gy1HZVBYhOWqN\nqGswCIqB7Eb14PVPCwFtP/r1z3xk9wBjRTZPmjM5H9Mn/Lp2szLKnHEFYiRBCFT/\nEy04vjr6AswYFLLGWh9U/GHfGqLZz9NqHMtnHn7fetiASeiGOgBhN6kbIv0/a/kP\nqtVq3i3lYlCeNKrvFR0WsEdU7WGzSQ7p6P8ZwMJDZafrf4LlEnuGBHtZd/dEY5GZ\nOio6I8jH8RIRJ9GgPWuTchni1csrxvPOslfOlD9R3MG68YfyBwhYEW78lmZy5aCc\nIFyxi/jL2MfoYvbM67Zn75qkXcOXm7cSWHvsuYAnxIYKnWLvznyJ3Poe5qppCoBA\nNhgAG/GHL+0LT9BYbcO9UsqDUrikDlOiyyag0C8+tx1BlpEgX39BN2TQsX7FFJRN\np1NTOejFo5RKkooOJc6zO1bjAuBbkPE22LAh4pNixap/SfI1IqODBV+EsU2wAFUu\na38hEHScyEJuXodI4N1H58jfBc2J8e8sIdd0XvKdD7ez2VFg9QKCAQEA3gDyeL2b\nxsK/Is9e9pN6UyG9PGId286FzlrcOpAj6TiunHXvhkROp6M52pHvBZQEqVpfNfAE\nGqJZoMx0bHM24j/EIqlf7H+1eEKSUS9vZAozMArU8FRCuNlhoBuNJnnLgp9bokpg\nK4gZyLhbzJiS+vPOGgAcmh0alnVlTkKeSEgnmewtBB+U0VMepJcFKQREBmakoN0a\nH+iX/3Pqu/H2ThcKAAp1ORyAQzaW1YBSsEYOW3tH+iQmhlKneH+BJSMDqoN0PHRs\nAVyLHlgkHBqbaFo7xqvUOH6zEh/R88qHgi4Q9VJPu/tZeW7sPSxLywPr+OHcYGdl\nLXCtak6h14lRmwKCAQEA+0H9MBitxx0h8BNz7yrEIsAL1z5ivwieXE8nBigFD1HS\nznBjyaBUS+ZL9XFlQGhE3a1c5FA8TcaeMIrUUkQpB1+pCIZ9tRn2hb1ZHVD9vihi\niw76c+Di4ztS15Oc1kfj1J/OvMiQzqU89C5JjTAuUhuUqlT7hBnuf0yhaKcHCqxu\n6S80+MDmUpiCun0+csbchV/0pjSO/MYFuad+uWiigsulD+qQrRadLvuNha6wmmr8\n0JhS06I1eeO7CY7quwCJ8d2AKv/uyE6SxYTkZDgqIckXRLAxMRaWd3fbBH4lZWAA\ncOyZKHy26vVbFb95HrtxotxYt1oxLI/Mzb+MzhH//wKCAQBPQ1lPIKuIqKmjnRST\nxw4KtmYhNArjGvaNOcWdpy8bKuC0/iqZ7rOCiPW0AxyrCjEr4hdSY7Kja8nCbp02\nx2AWIZw+n+iewO4i1On20I/d0QJ7qbJjaEI2S27ewleAIEY4CfumkxWJFVvXXXNx\nNhxsOzYf9GBB6hg/FgUojwKCXji9bSSZb0kr/5hWPZFbFqnO+0DWKnsUX3A9hb6O\nghJlyTYJ07IMxQ9KcCgkbF+Zjjm8EeUd+2BB3yrqC+QpRToe3DZZC1wwlEEbgW7L\nFfjcpjLneRwZW6tF0lSczXfaU+Y8ILpVLKXChIcWREV/Y5QR1VpglSn7slpINXD1\nSpL3AoIBAQDVQrtuOWQ2nwmRRlGe7MOxYyQpu/AAiYYwf5Z16T3yNNcjFc388zLZ\ngU1ztJ3mPxpEtcMknt2wficCuLNiaCwS8CT+8Xh9YN4XwhGDipz07D5IHZyDApxR\nlqbIB6iVUEuWy1WkcvBGFYZZE3imeAC4/GQA90TMaV4/eoF93Fdjvdwd3E2v3bsg\n3AYJ2AhLT3MZWcrDz9SVxFZTsFEleiSFs+gUTFokMA+WMzl6AD4xsyGGw+N5cjLF\nlH/Kqx2dP+XV/tWsqbK5HcgCErvwPKO2LYKscIgwTCXGnVquw4tmMkftkUSmUsTH\nRR3cpbpeVWcsfq5mYg1e72c8M5uFxU1tAoIBAD81H442nk/aGqpW1NkpOHjJGrzf\n20xAke+tUAJC/vFPaDjJuNRDQ1q2cFyQKFnZiVhkC8YxKdByAMSnK8BOqrsup2Ho\nsBYpMr/wW6SRzgusWSmlSCyijP007/5YPO0931tqAOFi8ODqjKASK97TycWkD1AL\nIZ5ffZTSdkQctOu4+94SZY1yULOaOBwAi6fHTrUJBzhCLuwYsvAdKSFj7vhbwn41\nxnn7aM2Qubwb1HscBNkV4fTJ16oPvZTwpd/2bsvZeWcNI1S4DbKq/4winLHhn+Sg\nDJoOKoTWhYHWAWigjkTrSY000L9DQVCelkgQkZc+ZinonmRl5Ri0P3a0g+I=\n-----END RSA PRIVATE KEY-----\n",
            "private_key_pem_pkcs8": "-----BEGIN PRIVATE KEY-----\nMIIJQgIBADANBgkqhkiG9w0BAQEFAASCCSwwggkoAgEAAoICAQDZ5CeKl8V0gBbh\nxY6jevYQ2D6MqL96RiUMI2LUE0gqM4Nlg6xxzyMjDXYl4iSwnrU/Z2AFpXTbLC2Q\nIVU+OCl7IVIgGefY8F07OIDGuZUqG9fSq/MFxj5YEnpjQtbBpWsSWIF31Xz2sO5Q\nyLVohsCxbhXJHEK4hoG0y5cnlfwi7FTToGWbKSij20U4SnFcj5QREz+uwDQ0O8Ek\n9mPpNiITG/UJAk5oLhDK86AQdL13oTFcv4oXFekRCi77eLJTrveoTlj+Gt7o3fzR\n2Xq/iCEbfUfCeqjpyWXy63n/GolkBKZOdMe1J6cjh9/D3dcn2hQJZsQ33SHmSxsT\nISN2aSXkGc84fQniJz6Rc9nm1MH5UY9QaoucYnkB7HXo0n2Rng4qNu8kJBtSBC05\niL7fTXU14HopCNZRNKJq8OH1k8Z5Ew9o4DnN0v3KZk8cCfmY2RyP0MYMlD6E1Rib\nCHmvnrAwQJNZsf5KPT5CuSc9vFhIjgnIQZ4syG6TQCz5GbkZ2XtbLDMPvKQowv4e\nG946gMkHE8YdrgrsdrmTRQ0O0nriKtt0bP8xftm+ezQSP5p2b71j1Y/llkx4fGg5\nuHKb0FvjVjYG0K/GqvF0otQDrMP5WPZ0QcRt/VRCUvp4IxB9jClhcsYR0PORV+g7\nLeYBWZ/549E2UaihjzNFgZ50n1yuZQIDAQABAoICAHzz0RUyiiKQHg8lKvJnXls0\nl1I0p3HobfBzDobN8/F3jx+VDjxJ7D16x8lb0WyT5x7QGonCY6wYvpxL8UV4EZmx\n9xW/pWyMEvsWIQtVe8wlIXSH9RrXoAMDvbnUp7FvOmLP7JcbD8msl04ue5HQzQoz\nNj0Zfs2xHQrgQfOKmIgyfUbLUdlUFiE5ao2oazAIioHsRvXg9U8LAW0/+vXPfGT3\nAGNFNk+aMzkf0yf8unazMsqccQViJEEIVP8TLTi+OvoCzBgUssZaH1T8Yd8aotnP\n02ocy2ceft962IBJ6IY6AGE3qRsi/T9r+Q+q1WreLeViUJ40qu8VHRawR1TtYbNJ\nDuno/xnAwkNlp+t/guUSe4YEe1l390RjkZk6KjojyMfxEhEn0aA9a5NyGeLVyyvG\n886yV86UP1Hcwbrxh/IHCFgRbvyWZnLloJwgXLGL+MvYx+hi9szrtmfvmqRdw5eb\ntxJYe+y5gCfEhgqdYu/OfInc+h7mqmkKgEA2GAAb8Ycv7QtP0Fhtw71SyoNSuKQO\nU6LLJqDQLz63HUGWkSBff0E3ZNCxfsUUlE2nU1M56MWjlEqSig4lzrM7VuMC4FuQ\n8TbYsCHik2LFqn9J8jUio4MFX4SxTbAAVS5rfyEQdJzIQm5eh0jg3UfnyN8FzYnx\n7ywh13Re8p0Pt7PZUWD1AoIBAQDeAPJ4vZvGwr8iz172k3pTIb08Yh3bzoXOWtw6\nkCPpOK6cde+GRE6noznake8FlASpWl818AQaolmgzHRsczbiP8QiqV/sf7V4QpJR\nL29kCjMwCtTwVEK42WGgG40mecuCn1uiSmAriBnIuFvMmJL6884aAByaHRqWdWVO\nQp5ISCeZ7C0EH5TRUx6klwUpBEQGZqSg3Rof6Jf/c+q78fZOFwoACnU5HIBDNpbV\ngFKwRg5be0f6JCaGUqd4f4ElIwOqg3Q8dGwBXIseWCQcGptoWjvGq9Q4frMSH9Hz\nyoeCLhD1Uk+7+1l5buw9LEvLA+v44dxgZ2UtcK1qTqHXiVGbAoIBAQD7Qf0wGK3H\nHSHwE3PvKsQiwAvXPmK/CJ5cTycGKAUPUdLOcGPJoFRL5kv1cWVAaETdrVzkUDxN\nxp4witRSRCkHX6kIhn21GfaFvVkdUP2+KGKLDvpz4OLjO1LXk5zWR+PUn868yJDO\npTz0LkmNMC5SG5SqVPuEGe5/TKFopwcKrG7pLzT4wOZSmIK6fT5yxtyFX/SmNI78\nxgW5p365aKKCy6UP6pCtFp0u+42FrrCaavzQmFLTojV547sJjuq7AInx3YAq/+7I\nTpLFhORkOCohyRdEsDExFpZ3d9sEfiVlYABw7JkofLbq9VsVv3keu3Gi3Fi3WjEs\nj8zNv4zOEf//AoIBAE9DWU8gq4ioqaOdFJPHDgq2ZiE0CuMa9o05xZ2nLxsq4LT+\nKpnus4KI9bQDHKsKMSviF1JjsqNrycJunTbHYBYhnD6f6J7A7iLU6fbQj93RAnup\nsmNoQjZLbt7CV4AgRjgJ+6aTFYkVW9ddc3E2HGw7Nh/0YEHqGD8WBSiPAoJeOL1t\nJJlvSSv/mFY9kVsWqc77QNYqexRfcD2Fvo6CEmXJNgnTsgzFD0pwKCRsX5mOObwR\n5R37YEHfKuoL5ClFOh7cNlkLXDCUQRuBbssV+NymMud5HBlbq0XSVJzNd9pT5jwg\nulUspcKEhxZERX9jlBHVWmCVKfuyWkg1cPVKkvcCggEBANVCu245ZDafCZFGUZ7s\nw7FjJCm78ACJhjB/lnXpPfI01yMVzfzzMtmBTXO0neY/GkS1wySe3bB+JwK4s2Jo\nLBLwJP7xeH1g3hfCEYOKnPTsPkgdnIMCnFGWpsgHqJVQS5bLVaRy8EYVhlkTeKZ4\nALj8ZAD3RMxpXj96gX3cV2O93B3cTa/duyDcBgnYCEtPcxlZysPP1JXEVlOwUSV6\nJIWz6BRMWiQwD5YzOXoAPjGzIYbD43lyMsWUf8qrHZ0/5dX+1aypsrkdyAISu/A8\no7YtgqxwiDBMJcadWq7Di2YyR+2RRKZSxMdFHdylul5VZyx+rmZiDV7vZzwzm4XF\nTW0CggEAPzUfjjaeT9oaqlbU2Sk4eMkavN/bTECR761QAkL+8U9oOMm41ENDWrZw\nXJAoWdmJWGQLxjEp0HIAxKcrwE6quy6nYeiwFikyv/BbpJHOC6xZKaVILKKM/TTv\n/lg87T3fW2oA4WLw4OqMoBIr3tPJxaQPUAshnl99lNJ2RBy067j73hJljXJQs5o4\nHACLp8dOtQkHOEIu7Biy8B0pIWPu+FvCfjXGeftozZC5vBvUexwE2RXh9MnXqg+9\nlPCl3/Zuy9l5Zw0jVLgNsqr/jCKcseGf5KAMmg4qhNaFgdYBaKCOROtJjTTQv0NB\nUJ6WSBCRlz5mKeieZGXlGLQ/drSD4g==\n-----END PRIVATE KEY-----\n",
            "public_key_fingerprint_md5": "df:78:76:cd:12:08:b7:c2:e4:5c:b8:9c:94:2e:ab:97",
            "public_key_fingerprint_sha256": "SHA256:ulsIAA5vTwhMuNN3Tj7WIZDjhWhQyEahbEeXeWPEABw",
            "public_key_openssh": "ssh-rsa AAAAB3NzaC1yc2EAAAADAQABAAACAQDZ5CeKl8V0gBbhxY6jevYQ2D6MqL96RiUMI2LUE0gqM4Nlg6xxzyMjDXYl4iSwnrU/Z2AFpXTbLC2QIVU+OCl7IVIgGefY8F07OIDGuZUqG9fSq/MFxj5YEnpjQtbBpWsSWIF31Xz2sO5QyLVohsCxbhXJHEK4hoG0y5cnlfwi7FTToGWbKSij20U4SnFcj5QREz+uwDQ0O8Ek9mPpNiITG/UJAk5oLhDK86AQdL13oTFcv4oXFekRCi77eLJTrveoTlj+Gt7o3fzR2Xq/iCEbfUfCeqjpyWXy63n/GolkBKZOdMe1J6cjh9/D3dcn2hQJZsQ33SHmSxsTISN2aSXkGc84fQniJz6Rc9nm1MH5UY9QaoucYnkB7HXo0n2Rng4qNu8kJBtSBC05iL7fTXU14HopCNZRNKJq8OH1k8Z5Ew9o4DnN0v3KZk8cCfmY2RyP0MYMlD6E1RibCHmvnrAwQJNZsf5KPT5CuSc9vFhIjgnIQZ4syG6TQCz5GbkZ2XtbLDMPvKQowv4eG946gMkHE8YdrgrsdrmTRQ0O0nriKtt0bP8xftm+ezQSP5p2b71j1Y/llkx4fGg5uHKb0FvjVjYG0K/GqvF0otQDrMP5WPZ0QcRt/VRCUvp4IxB9jClhcsYR0PORV+g7LeYBWZ/549E2UaihjzNFgZ50n1yuZQ==\n",
            "public_key_pem": "-----BEGIN PUBLIC KEY-----\nMIICIjANBgkqhkiG9w0BAQEFAAOCAg8AMIICCgKCAgEA2eQnipfFdIAW4cWOo3r2\nENg+jKi/ekYlDCNi1BNIKjODZYOscc8jIw12JeIksJ61P2dgBaV02ywtkCFVPjgp\neyFSIBnn2PBdOziAxrmVKhvX0qvzBcY+WBJ6Y0LWwaVrEliBd9V89rDuUMi1aIbA\nsW4VyRxCuIaBtMuXJ5X8IuxU06Blmykoo9tFOEpxXI+UERM/rsA0NDvBJPZj6TYi\nExv1CQJOaC4QyvOgEHS9d6ExXL+KFxXpEQou+3iyU673qE5Y/hre6N380dl6v4gh\nG31Hwnqo6cll8ut5/xqJZASmTnTHtSenI4ffw93XJ9oUCWbEN90h5ksbEyEjdmkl\n5BnPOH0J4ic+kXPZ5tTB+VGPUGqLnGJ5Aex16NJ9kZ4OKjbvJCQbUgQtOYi+3011\nNeB6KQjWUTSiavDh9ZPGeRMPaOA5zdL9ymZPHAn5mNkcj9DGDJQ+hNUYmwh5r56w\nMECTWbH+Sj0+QrknPbxYSI4JyEGeLMhuk0As+Rm5Gdl7WywzD7ykKML+HhveOoDJ\nBxPGHa4K7Ha5k0UNDtJ64irbdGz/MX7Zvns0Ej+adm+9Y9WP5ZZMeHxoObhym9Bb\n41Y2BtCvxqrxdKLUA6zD+Vj2dEHEbf1UQlL6eCMQfYwpYXLGEdDzkVfoOy3mAVmf\n+ePRNlGooY8zRYGedJ9crmUCAwEAAQ==\n-----END PUBLIC KEY-----\n",
            "rsa_bits": 4096
          },
          "sensitive_attributes": []
        }
      ]
    }
  ],
  "check_results": null
}
