{
  "version": 4,
  "terraform_version": "1.4.6",
  "serial": 288,
  "lineage": "5e60cb84-6665-5870-ad8b-cc66ac0e66ee",
  "outputs": {},
  "resources": [
    {
      "mode": "managed",
      "type": "aws_default_network_acl",
      "name": "bastion-nacl",
      "provider": "provider[\"registry.terraform.io/hashicorp/aws\"]",
      "instances": [
        {
          "schema_version": 0,
          "attributes": {
            "arn": "arn:aws:ec2:ap-northeast-1:944697335072:network-acl/acl-0d52f4d17980f9a0e",
            "default_network_acl_id": "acl-0d52f4d17980f9a0e",
            "egress": [
              {
                "action": "allow",
                "cidr_block": "10.10.0.0/24",
                "from_port": 3306,
                "icmp_code": null,
                "icmp_type": null,
                "ipv6_cidr_block": "",
                "protocol": "tcp",
                "rule_no": 130,
                "to_port": 3306
              },
              {
                "action": "allow",
                "cidr_block": "10.20.0.0/24",
                "from_port": 22,
                "icmp_code": null,
                "icmp_type": null,
                "ipv6_cidr_block": "",
                "protocol": "tcp",
                "rule_no": 120,
                "to_port": 22
              },
              {
                "action": "allow",
                "cidr_block": "172.16.0.0/22",
                "from_port": 443,
                "icmp_code": null,
                "icmp_type": null,
                "ipv6_cidr_block": "",
                "protocol": "tcp",
                "rule_no": 110,
                "to_port": 443
              }
            ],
            "id": "acl-0d52f4d17980f9a0e",
            "ingress": [
              {
                "action": "allow",
                "cidr_block": "10.10.0.0/24",
                "from_port": 3306,
                "icmp_code": null,
                "icmp_type": null,
                "ipv6_cidr_block": "",
                "protocol": "tcp",
                "rule_no": 130,
                "to_port": 3306
              },
              {
                "action": "allow",
                "cidr_block": "10.20.0.0/24",
                "from_port": 22,
                "icmp_code": null,
                "icmp_type": null,
                "ipv6_cidr_block": "",
                "protocol": "tcp",
                "rule_no": 120,
                "to_port": 22
              },
              {
                "action": "allow",
                "cidr_block": "172.16.0.0/22",
                "from_port": 443,
                "icmp_code": null,
                "icmp_type": null,
                "ipv6_cidr_block": "",
                "protocol": "tcp",
                "rule_no": 110,
                "to_port": 443
              }
            ],
            "owner_id": "944697335072",
            "subnet_ids": [
              "subnet-01899879f7b72bcb2"
            ],
            "tags": {
              "Name": "bastion-nacl"
            },
            "tags_all": {
              "Name": "bastion-nacl"
            },
            "vpc_id": "vpc-04874818b763504a9"
          },
          "sensitive_attributes": [],
          "private": "bnVsbA==",
          "dependencies": [
            "aws_vpc.bastion-vpc"
          ]
        }
      ]
    },
    {
      "mode": "managed",
      "type": "aws_default_network_acl",
      "name": "shopping-db1-nacl",
      "provider": "provider[\"registry.terraform.io/hashicorp/aws\"]",
      "instances": [
        {
          "schema_version": 0,
          "attributes": {
            "arn": "arn:aws:ec2:ap-northeast-1:944697335072:network-acl/acl-0d06bd1f15800951b",
            "default_network_acl_id": "acl-0d06bd1f15800951b",
            "egress": [
              {
                "action": "allow",
                "cidr_block": "10.0.0.0/16",
                "from_port": 3306,
                "icmp_code": null,
                "icmp_type": null,
                "ipv6_cidr_block": "",
                "protocol": "tcp",
                "rule_no": 110,
                "to_port": 3306
              },
              {
                "action": "allow",
                "cidr_block": "10.10.10.0/24",
                "from_port": 3306,
                "icmp_code": null,
                "icmp_type": null,
                "ipv6_cidr_block": "",
                "protocol": "tcp",
                "rule_no": 111,
                "to_port": 3306
              },
              {
                "action": "allow",
                "cidr_block": "10.20.0.0/24",
                "from_port": 3306,
                "icmp_code": null,
                "icmp_type": null,
                "ipv6_cidr_block": "",
                "protocol": "tcp",
                "rule_no": 112,
                "to_port": 3306
              }
            ],
            "id": "acl-0d06bd1f15800951b",
            "ingress": [
              {
                "action": "allow",
                "cidr_block": "10.0.0.0/16",
                "from_port": 3306,
                "icmp_code": null,
                "icmp_type": null,
                "ipv6_cidr_block": "",
                "protocol": "tcp",
                "rule_no": 110,
                "to_port": 3306
              },
              {
                "action": "allow",
                "cidr_block": "10.10.10.0/24",
                "from_port": 3306,
                "icmp_code": null,
                "icmp_type": null,
                "ipv6_cidr_block": "",
                "protocol": "tcp",
                "rule_no": 111,
                "to_port": 3306
              },
              {
                "action": "allow",
                "cidr_block": "10.20.0.0/24",
                "from_port": 3306,
                "icmp_code": null,
                "icmp_type": null,
                "ipv6_cidr_block": "",
                "protocol": "tcp",
                "rule_no": 112,
                "to_port": 3306
              }
            ],
            "owner_id": "944697335072",
            "subnet_ids": [
              "subnet-0524e8cc8711b30f7",
              "subnet-0affab1faa580d04f"
            ],
            "tags": {
              "Name": "shopping-db1-nacl"
            },
            "tags_all": {
              "Name": "shopping-db1-nacl"
            },
            "vpc_id": "vpc-00c08417ad903ae52"
          },
          "sensitive_attributes": [],
          "private": "bnVsbA==",
          "dependencies": [
            "aws_vpc.shopping-db-vpc"
          ]
        }
      ]
    },
    {
      "mode": "managed",
      "type": "aws_default_network_acl",
      "name": "shopping-internalnode-nacl",
      "provider": "provider[\"registry.terraform.io/hashicorp/aws\"]",
      "instances": [
        {
          "schema_version": 0,
          "attributes": {
            "arn": "arn:aws:ec2:ap-northeast-1:944697335072:network-acl/acl-05d40e4fa6f93f93b",
            "default_network_acl_id": "acl-05d40e4fa6f93f93b",
            "egress": [
              {
                "action": "allow",
                "cidr_block": "0.0.0.0/0",
                "from_port": 1024,
                "icmp_code": null,
                "icmp_type": null,
                "ipv6_cidr_block": "",
                "protocol": "tcp",
                "rule_no": 113,
                "to_port": 65535
              },
              {
                "action": "allow",
                "cidr_block": "0.0.0.0/0",
                "from_port": 443,
                "icmp_code": null,
                "icmp_type": null,
                "ipv6_cidr_block": "",
                "protocol": "tcp",
                "rule_no": 112,
                "to_port": 443
              },
              {
                "action": "allow",
                "cidr_block": "0.0.0.0/0",
                "from_port": 80,
                "icmp_code": null,
                "icmp_type": null,
                "ipv6_cidr_block": "",
                "protocol": "tcp",
                "rule_no": 111,
                "to_port": 80
              },
              {
                "action": "allow",
                "cidr_block": "10.0.0.0/16",
                "from_port": 0,
                "icmp_code": null,
                "icmp_type": null,
                "ipv6_cidr_block": "",
                "protocol": "-1",
                "rule_no": 110,
                "to_port": 0
              }
            ],
            "id": "acl-05d40e4fa6f93f93b",
            "ingress": [
              {
                "action": "allow",
                "cidr_block": "0.0.0.0/0",
                "from_port": 443,
                "icmp_code": null,
                "icmp_type": null,
                "ipv6_cidr_block": "",
                "protocol": "tcp",
                "rule_no": 120,
                "to_port": 443
              },
              {
                "action": "allow",
                "cidr_block": "10.0.0.0/16",
                "from_port": 0,
                "icmp_code": null,
                "icmp_type": null,
                "ipv6_cidr_block": "",
                "protocol": "-1",
                "rule_no": 110,
                "to_port": 0
              }
            ],
            "owner_id": "944697335072",
            "subnet_ids": [
              "subnet-00abc575ceccd7f84",
              "subnet-04d94162284e2b5f0",
              "subnet-052a9c7c034f17c4a",
              "subnet-0567178941f88cef5",
              "subnet-07b20f69b9b36a224",
              "subnet-0b0abf8b7d176b1c0",
              "subnet-0b5d5a2d235502559",
              "subnet-0cdda1f395199b8f3"
            ],
            "tags": {
              "Name": "shopping-internalnode-nacl"
            },
            "tags_all": {
              "Name": "shopping-internalnode-nacl"
            },
            "vpc_id": "vpc-09fe2313ddf2522ac"
          },
          "sensitive_attributes": [],
          "private": "bnVsbA==",
          "dependencies": [
            "aws_vpc.shopping-vpc"
          ]
        }
      ]
    },
    {
      "mode": "managed",
      "type": "aws_default_route_table",
      "name": "r1",
      "provider": "provider[\"registry.terraform.io/hashicorp/aws\"]",
      "instances": [
        {
          "schema_version": 0,
          "attributes": {
            "arn": "arn:aws:ec2:ap-northeast-1:944697335072:route-table/rtb-046c9674185099dd2",
            "default_route_table_id": "rtb-046c9674185099dd2",
            "id": "rtb-046c9674185099dd2",
            "owner_id": "944697335072",
            "propagating_vgws": null,
            "route": [
              {
                "cidr_block": "0.0.0.0/0",
                "core_network_arn": "",
                "destination_prefix_list_id": "",
                "egress_only_gateway_id": "",
                "gateway_id": "igw-0ca04c0d1cfe1a43e",
                "instance_id": "",
                "ipv6_cidr_block": "",
                "nat_gateway_id": "",
                "network_interface_id": "",
                "transit_gateway_id": "",
                "vpc_endpoint_id": "",
                "vpc_peering_connection_id": ""
              }
            ],
            "tags": {
              "Name": "shopping-rt"
            },
            "tags_all": {
              "Name": "shopping-rt"
            },
            "timeouts": null,
            "vpc_id": "vpc-09fe2313ddf2522ac"
          },
          "sensitive_attributes": [],
          "private": "eyJlMmJmYjczMC1lY2FhLTExZTYtOGY4OC0zNDM2M2JjN2M0YzAiOnsiY3JlYXRlIjoxMjAwMDAwMDAwMDAsInVwZGF0ZSI6MTIwMDAwMDAwMDAwfX0=",
          "dependencies": [
            "aws_internet_gateway.shopping-igw",
            "aws_vpc.shopping-vpc"
          ]
        }
      ]
    },
    {
      "mode": "managed",
      "type": "aws_default_route_table",
      "name": "r2",
      "provider": "provider[\"registry.terraform.io/hashicorp/aws\"]",
      "instances": [
        {
          "schema_version": 0,
          "attributes": {
            "arn": "arn:aws:ec2:ap-northeast-1:944697335072:route-table/rtb-054dd74caa131c04b",
            "default_route_table_id": "rtb-054dd74caa131c04b",
            "id": "rtb-054dd74caa131c04b",
            "owner_id": "944697335072",
            "propagating_vgws": null,
            "route": [],
            "tags": {
              "Name": "shopping-db-rt"
            },
            "tags_all": {
              "Name": "shopping-db-rt"
            },
            "timeouts": null,
            "vpc_id": "vpc-00c08417ad903ae52"
          },
          "sensitive_attributes": [],
          "private": "eyJlMmJmYjczMC1lY2FhLTExZTYtOGY4OC0zNDM2M2JjN2M0YzAiOnsiY3JlYXRlIjoxMjAwMDAwMDAwMDAsInVwZGF0ZSI6MTIwMDAwMDAwMDAwfX0=",
          "dependencies": [
            "aws_vpc.shopping-db-vpc"
          ]
        }
      ]
    },
    {
      "mode": "managed",
      "type": "aws_default_route_table",
      "name": "r3",
      "provider": "provider[\"registry.terraform.io/hashicorp/aws\"]",
      "instances": [
        {
          "schema_version": 0,
          "attributes": {
            "arn": "arn:aws:ec2:ap-northeast-1:944697335072:route-table/rtb-0d6fa06a1e432b5a2",
            "default_route_table_id": "rtb-0d6fa06a1e432b5a2",
            "id": "rtb-0d6fa06a1e432b5a2",
            "owner_id": "944697335072",
            "propagating_vgws": null,
            "route": [],
            "tags": {
              "Name": "bastion-rt"
            },
            "tags_all": {
              "Name": "bastion-rt"
            },
            "timeouts": null,
            "vpc_id": "vpc-04874818b763504a9"
          },
          "sensitive_attributes": [],
          "private": "eyJlMmJmYjczMC1lY2FhLTExZTYtOGY4OC0zNDM2M2JjN2M0YzAiOnsiY3JlYXRlIjoxMjAwMDAwMDAwMDAsInVwZGF0ZSI6MTIwMDAwMDAwMDAwfX0=",
          "dependencies": [
            "aws_vpc.bastion-vpc"
          ]
        }
      ]
    },
    {
      "mode": "managed",
      "type": "aws_default_security_group",
      "name": "bastion-default-sg",
      "provider": "provider[\"registry.terraform.io/hashicorp/aws\"]",
      "instances": [
        {
          "schema_version": 1,
          "attributes": {
            "arn": "arn:aws:ec2:ap-northeast-1:944697335072:security-group/sg-0061b7df42e513859",
            "description": "default VPC security group",
            "egress": [
              {
                "cidr_blocks": [
                  "0.0.0.0/0"
                ],
                "description": "",
                "from_port": 0,
                "ipv6_cidr_blocks": [],
                "prefix_list_ids": [],
                "protocol": "tcp",
                "security_groups": [],
                "self": false,
                "to_port": 0
              }
            ],
            "id": "sg-0061b7df42e513859",
            "ingress": [
              {
                "cidr_blocks": [
                  "0.0.0.0/0"
                ],
                "description": "",
                "from_port": 0,
                "ipv6_cidr_blocks": [],
                "prefix_list_ids": [],
                "protocol": "tcp",
                "security_groups": [],
                "self": false,
                "to_port": 0
              }
            ],
            "name": "default",
            "name_prefix": "",
            "owner_id": "944697335072",
            "revoke_rules_on_delete": false,
            "tags": {
              "Name": "bastion-default-sg"
            },
            "tags_all": {
              "Name": "bastion-default-sg"
            },
            "vpc_id": "vpc-04874818b763504a9"
          },
          "sensitive_attributes": [],
          "private": "eyJzY2hlbWFfdmVyc2lvbiI6IjEifQ==",
          "dependencies": [
            "aws_vpc.bastion-vpc"
          ]
        }
      ]
    },
    {
      "mode": "managed",
      "type": "aws_default_security_group",
      "name": "shopping-db-default-sg",
      "provider": "provider[\"registry.terraform.io/hashicorp/aws\"]",
      "instances": [
        {
          "schema_version": 1,
          "attributes": {
            "arn": "arn:aws:ec2:ap-northeast-1:944697335072:security-group/sg-07a72b1c416cf7934",
            "description": "default VPC security group",
            "egress": [
              {
                "cidr_blocks": [
                  "0.0.0.0/0"
                ],
                "description": "",
                "from_port": 0,
                "ipv6_cidr_blocks": [],
                "prefix_list_ids": [],
                "protocol": "tcp",
                "security_groups": [],
                "self": false,
                "to_port": 0
              }
            ],
            "id": "sg-07a72b1c416cf7934",
            "ingress": [
              {
                "cidr_blocks": [
                  "0.0.0.0/0"
                ],
                "description": "",
                "from_port": 0,
                "ipv6_cidr_blocks": [],
                "prefix_list_ids": [],
                "protocol": "tcp",
                "security_groups": [],
                "self": false,
                "to_port": 0
              }
            ],
            "name": "default",
            "name_prefix": "",
            "owner_id": "944697335072",
            "revoke_rules_on_delete": false,
            "tags": {
              "Name": "shopping-db-default-sg"
            },
            "tags_all": {
              "Name": "shopping-db-default-sg"
            },
            "vpc_id": "vpc-00c08417ad903ae52"
          },
          "sensitive_attributes": [],
          "private": "eyJzY2hlbWFfdmVyc2lvbiI6IjEifQ==",
          "dependencies": [
            "aws_vpc.shopping-db-vpc"
          ]
        }
      ]
    },
    {
      "mode": "managed",
      "type": "aws_default_security_group",
      "name": "shopping-default-sg",
      "provider": "provider[\"registry.terraform.io/hashicorp/aws\"]",
      "instances": [
        {
          "schema_version": 1,
          "attributes": {
            "arn": "arn:aws:ec2:ap-northeast-1:944697335072:security-group/sg-0136719207928e75c",
            "description": "default VPC security group",
            "egress": [
              {
                "cidr_blocks": [
                  "0.0.0.0/0"
                ],
                "description": "",
                "from_port": 0,
                "ipv6_cidr_blocks": [],
                "prefix_list_ids": [],
                "protocol": "tcp",
                "security_groups": [],
                "self": false,
                "to_port": 0
              }
            ],
            "id": "sg-0136719207928e75c",
            "ingress": [
              {
                "cidr_blocks": [
                  "0.0.0.0/0"
                ],
                "description": "",
                "from_port": 0,
                "ipv6_cidr_blocks": [],
                "prefix_list_ids": [],
                "protocol": "tcp",
                "security_groups": [],
                "self": false,
                "to_port": 0
              }
            ],
            "name": "default",
            "name_prefix": "",
            "owner_id": "944697335072",
            "revoke_rules_on_delete": false,
            "tags": {
              "Name": "shopping-default-sg"
            },
            "tags_all": {
              "Name": "shopping-default-sg"
            },
            "vpc_id": "vpc-09fe2313ddf2522ac"
          },
          "sensitive_attributes": [],
          "private": "eyJzY2hlbWFfdmVyc2lvbiI6IjEifQ==",
          "dependencies": [
            "aws_vpc.shopping-vpc"
          ]
        }
      ]
    },
    {
      "mode": "managed",
      "type": "aws_instance",
      "name": "ubuntu_instance",
      "provider": "provider[\"registry.terraform.io/hashicorp/aws\"]",
      "instances": [
        {
          "schema_version": 1,
          "attributes": {
            "ami": "ami-0d52744d6551d851e",
            "arn": "arn:aws:ec2:ap-northeast-1:944697335072:instance/i-0eec48ccf0c186a64",
            "associate_public_ip_address": true,
            "availability_zone": "ap-northeast-1d",
            "capacity_reservation_specification": [
              {
                "capacity_reservation_preference": "open",
                "capacity_reservation_target": []
              }
            ],
            "cpu_core_count": 1,
            "cpu_options": [
              {
                "amd_sev_snp": "",
                "core_count": 1,
                "threads_per_core": 2
              }
            ],
            "cpu_threads_per_core": 2,
            "credit_specification": [
              {
                "cpu_credits": "unlimited"
              }
            ],
            "disable_api_stop": false,
            "disable_api_termination": false,
            "ebs_block_device": [],
            "ebs_optimized": false,
            "enclave_options": [
              {
                "enabled": false
              }
            ],
            "ephemeral_block_device": [],
            "get_password_data": false,
            "hibernation": false,
            "host_id": "",
            "host_resource_group_arn": null,
            "iam_instance_profile": "",
            "id": "i-0eec48ccf0c186a64",
            "instance_initiated_shutdown_behavior": "stop",
            "instance_state": "running",
            "instance_type": "t3.micro",
            "ipv6_address_count": 0,
            "ipv6_addresses": [],
            "key_name": "ekskey",
            "launch_template": [],
            "maintenance_options": [
              {
                "auto_recovery": "default"
              }
            ],
            "metadata_options": [
              {
                "http_endpoint": "enabled",
                "http_put_response_hop_limit": 1,
                "http_tokens": "optional",
                "instance_metadata_tags": "disabled"
              }
            ],
            "monitoring": false,
            "network_interface": [],
            "outpost_arn": "",
            "password_data": "",
            "placement_group": "",
            "placement_partition_number": 0,
            "primary_network_interface_id": "eni-00867ee9a994196c2",
            "private_dns": "ip-10-0-20-57.ap-northeast-1.compute.internal",
            "private_dns_name_options": [
              {
                "enable_resource_name_dns_a_record": false,
                "enable_resource_name_dns_aaaa_record": false,
                "hostname_type": "ip-name"
              }
            ],
            "private_ip": "10.0.20.57",
            "public_dns": "",
            "public_ip": "35.74.231.48",
            "root_block_device": [
              {
                "delete_on_termination": true,
                "device_name": "/dev/sda1",
                "encrypted": false,
                "iops": 100,
                "kms_key_id": "",
                "tags": {},
                "throughput": 0,
                "volume_id": "vol-0efd39897c4685904",
                "volume_size": 8,
                "volume_type": "gp2"
              }
            ],
            "secondary_private_ips": [],
            "security_groups": [],
            "source_dest_check": true,
            "subnet_id": "subnet-0b0abf8b7d176b1c0",
            "tags": {
              "Name": "web-server"
            },
            "tags_all": {
              "Name": "web-server"
            },
            "tenancy": "default",
            "timeouts": null,
            "user_data": null,
            "user_data_base64": null,
            "user_data_replace_on_change": false,
            "volume_tags": null,
            "vpc_security_group_ids": [
              "sg-0136719207928e75c"
            ]
          },
          "sensitive_attributes": [],
          "private": "eyJlMmJmYjczMC1lY2FhLTExZTYtOGY4OC0zNDM2M2JjN2M0YzAiOnsiY3JlYXRlIjo2MDAwMDAwMDAwMDAsImRlbGV0ZSI6MTIwMDAwMDAwMDAwMCwidXBkYXRlIjo2MDAwMDAwMDAwMDB9LCJzY2hlbWFfdmVyc2lvbiI6IjEifQ==",
          "dependencies": [
            "aws_key_pair.kp",
            "aws_subnet.master-subnet",
            "aws_vpc.shopping-vpc",
            "tls_private_key.pk"
          ]
        }
      ]
    },
    {
      "mode": "managed",
      "type": "aws_internet_gateway",
      "name": "shopping-igw",
      "provider": "provider[\"registry.terraform.io/hashicorp/aws\"]",
      "instances": [
        {
          "schema_version": 0,
          "attributes": {
            "arn": "arn:aws:ec2:ap-northeast-1:944697335072:internet-gateway/igw-0ca04c0d1cfe1a43e",
            "id": "igw-0ca04c0d1cfe1a43e",
            "owner_id": "944697335072",
            "tags": {
              "Name": "shopping-igw"
            },
            "tags_all": {
              "Name": "shopping-igw"
            },
            "timeouts": null,
            "vpc_id": "vpc-09fe2313ddf2522ac"
          },
          "sensitive_attributes": [],
          "private": "eyJlMmJmYjczMC1lY2FhLTExZTYtOGY4OC0zNDM2M2JjN2M0YzAiOnsiY3JlYXRlIjoxMjAwMDAwMDAwMDAwLCJkZWxldGUiOjEyMDAwMDAwMDAwMDAsInVwZGF0ZSI6MTIwMDAwMDAwMDAwMH19",
          "dependencies": [
            "aws_vpc.shopping-vpc"
          ]
        }
      ]
    },
    {
      "mode": "managed",
      "type": "aws_key_pair",
      "name": "kp",
      "provider": "provider[\"registry.terraform.io/hashicorp/aws\"]",
      "instances": [
        {
          "schema_version": 1,
          "attributes": {
            "arn": "arn:aws:ec2:ap-northeast-1:944697335072:key-pair/ekskey",
            "fingerprint": "d3:7b:4a:9d:c9:99:a5:0f:2b:13:6a:a9:76:bb:a6:3e",
            "id": "ekskey",
            "key_name": "ekskey",
            "key_name_prefix": "",
            "key_pair_id": "key-09af534f2b67cd521",
            "key_type": "rsa",
            "public_key": "ssh-rsa AAAAB3NzaC1yc2EAAAADAQABAAACAQDT2NcxL1j8BjH3TDrEDjq5z+BLTmjOyUF9Re87CSLOQ2ftSHU2C1myxgEB/VDfliOd7lscr9+4E5uemiEYYHJNO16kZCgDhB1RgdN+osWYQjkLC7XZQ6HvCiisqBEPF1N5AygkCFE+kHpyUDoHxNzG7uepEaALwQV8Ze9GShVHq4xSvL2zIdfOYOD1C6r03ygXe0ngqlDbLmbwFwTKdmAsxZo2SehiC3+cndYlWazdXojhQaFb55kAvuaF2uSj9y0F4SS+QWODv70rVcKtC+ho3GGrwYIWVNAo8Tr+3/A0e/jtng2TG0RxMAtRi1Ee2xE2owSaBcnEJ37nFL+l/xWHV9l5XcJMHCBn1chqXeVE26EX/FOb2iKmArYANGXx2X8T4XYWI559cji3lghoTnCJEZ+qqetPcWWP5Ld2kfd1yXjVLAmJGcHLrEhxXdGM3DkcBkAns99DbHcz+2ycBzycOpCKJR6xFU5JIpuNk6CBMyYanlezPYCA1xfXKh7RFoimxnpqoz53CcqgDlmk+RwYltGb+wZGltiLXdJFFxFyMqkbHCOb+ZA/mdRup8cpmpliwPe+5XqZJRKvrh8z3mG7//2pRuWEAEZ49/Sj/DF/kKYBr+tgy4G8pecL6IdewBfJQp9I64oril8gHhR8vLs27B5DVWnUybMKwwjkur1+iw==",
            "tags": null,
            "tags_all": {}
          },
          "sensitive_attributes": [],
          "private": "eyJzY2hlbWFfdmVyc2lvbiI6IjEifQ==",
          "dependencies": [
            "tls_private_key.pk"
          ]
        }
      ]
    },
    {
      "mode": "managed",
      "type": "aws_network_acl",
      "name": "shopping-db2-nacl",
      "provider": "provider[\"registry.terraform.io/hashicorp/aws\"]",
      "instances": [
        {
          "schema_version": 0,
          "attributes": {
            "arn": "arn:aws:ec2:ap-northeast-1:944697335072:network-acl/acl-0555be7202d0ffab8",
            "egress": [
              {
                "action": "allow",
                "cidr_block": "10.10.0.0/24",
                "from_port": 3306,
                "icmp_code": null,
                "icmp_type": null,
                "ipv6_cidr_block": "",
                "protocol": "tcp",
                "rule_no": 110,
                "to_port": 3306
              }
            ],
            "id": "acl-0555be7202d0ffab8",
            "ingress": [
              {
                "action": "allow",
                "cidr_block": "10.10.0.0/24",
                "from_port": 3306,
                "icmp_code": null,
                "icmp_type": null,
                "ipv6_cidr_block": "",
                "protocol": "tcp",
                "rule_no": 110,
                "to_port": 3306
              }
            ],
            "owner_id": "944697335072",
            "subnet_ids": [
              "subnet-0affab1faa580d04f"
            ],
            "tags": {
              "Name": "shopping-db2-nacl"
            },
            "tags_all": {
              "Name": "shopping-db2-nacl"
            },
            "vpc_id": "vpc-00c08417ad903ae52"
          },
          "sensitive_attributes": [],
          "private": "bnVsbA==",
          "dependencies": [
            "aws_subnet.db2-subnet",
            "aws_vpc.shopping-db-vpc"
          ]
        }
      ]
    },
    {
      "mode": "managed",
      "type": "aws_network_acl",
      "name": "shopping-firewall-nacl",
      "provider": "provider[\"registry.terraform.io/hashicorp/aws\"]",
      "instances": [
        {
          "schema_version": 0,
          "attributes": {
            "arn": "arn:aws:ec2:ap-northeast-1:944697335072:network-acl/acl-05d36c7a4ece26082",
            "egress": [
              {
                "action": "allow",
                "cidr_block": "0.0.0.0/0",
                "from_port": 1024,
                "icmp_code": null,
                "icmp_type": null,
                "ipv6_cidr_block": "",
                "protocol": "tcp",
                "rule_no": 140,
                "to_port": 65535
              },
              {
                "action": "allow",
                "cidr_block": "0.0.0.0/0",
                "from_port": 443,
                "icmp_code": null,
                "icmp_type": null,
                "ipv6_cidr_block": "",
                "protocol": "tcp",
                "rule_no": 120,
                "to_port": 443
              },
              {
                "action": "allow",
                "cidr_block": "0.0.0.0/0",
                "from_port": 80,
                "icmp_code": null,
                "icmp_type": null,
                "ipv6_cidr_block": "",
                "protocol": "tcp",
                "rule_no": 110,
                "to_port": 80
              },
              {
                "action": "allow",
                "cidr_block": "219.240.87.167/32",
                "from_port": 22,
                "icmp_code": null,
                "icmp_type": null,
                "ipv6_cidr_block": "",
                "protocol": "tcp",
                "rule_no": 130,
                "to_port": 22
              }
            ],
            "id": "acl-05d36c7a4ece26082",
            "ingress": [
              {
                "action": "allow",
                "cidr_block": "0.0.0.0/0",
                "from_port": 1024,
                "icmp_code": null,
                "icmp_type": null,
                "ipv6_cidr_block": "",
                "protocol": "tcp",
                "rule_no": 140,
                "to_port": 65535
              },
              {
                "action": "allow",
                "cidr_block": "0.0.0.0/0",
                "from_port": 443,
                "icmp_code": null,
                "icmp_type": null,
                "ipv6_cidr_block": "",
                "protocol": "tcp",
                "rule_no": 120,
                "to_port": 443
              },
              {
                "action": "allow",
                "cidr_block": "0.0.0.0/0",
                "from_port": 80,
                "icmp_code": null,
                "icmp_type": null,
                "ipv6_cidr_block": "",
                "protocol": "tcp",
                "rule_no": 110,
                "to_port": 80
              },
              {
                "action": "allow",
                "cidr_block": "219.240.87.167/32",
                "from_port": 22,
                "icmp_code": null,
                "icmp_type": null,
                "ipv6_cidr_block": "",
                "protocol": "tcp",
                "rule_no": 130,
                "to_port": 22
              }
            ],
            "owner_id": "944697335072",
            "subnet_ids": [
              "subnet-0b5d5a2d235502559"
            ],
            "tags": {
              "Name": "shopping-firewall-nacl"
            },
            "tags_all": {
              "Name": "shopping-firewall-nacl"
            },
            "vpc_id": "vpc-09fe2313ddf2522ac"
          },
          "sensitive_attributes": [],
          "private": "bnVsbA==",
          "dependencies": [
            "aws_subnet.firewall-subnet",
            "aws_vpc.shopping-vpc"
          ]
        }
      ]
    },
    {
      "mode": "managed",
      "type": "aws_network_acl",
      "name": "shopping-masternode-nacl",
      "provider": "provider[\"registry.terraform.io/hashicorp/aws\"]",
      "instances": [
        {
          "schema_version": 0,
          "attributes": {
            "arn": "arn:aws:ec2:ap-northeast-1:944697335072:network-acl/acl-0d1d307a884d98cab",
            "egress": [
              {
                "action": "allow",
                "cidr_block": "0.0.0.0/0",
                "from_port": 1024,
                "icmp_code": null,
                "icmp_type": null,
                "ipv6_cidr_block": "",
                "protocol": "tcp",
                "rule_no": 113,
                "to_port": 65535
              },
              {
                "action": "allow",
                "cidr_block": "0.0.0.0/0",
                "from_port": 443,
                "icmp_code": null,
                "icmp_type": null,
                "ipv6_cidr_block": "",
                "protocol": "tcp",
                "rule_no": 112,
                "to_port": 443
              },
              {
                "action": "allow",
                "cidr_block": "0.0.0.0/0",
                "from_port": 80,
                "icmp_code": null,
                "icmp_type": null,
                "ipv6_cidr_block": "",
                "protocol": "tcp",
                "rule_no": 111,
                "to_port": 80
              },
              {
                "action": "allow",
                "cidr_block": "10.0.0.0/16",
                "from_port": 0,
                "icmp_code": null,
                "icmp_type": null,
                "ipv6_cidr_block": "",
                "protocol": "tcp",
                "rule_no": 110,
                "to_port": 0
              }
            ],
            "id": "acl-0d1d307a884d98cab",
            "ingress": [
              {
                "action": "allow",
                "cidr_block": "0.0.0.0/0",
                "from_port": 1024,
                "icmp_code": null,
                "icmp_type": null,
                "ipv6_cidr_block": "",
                "protocol": "tcp",
                "rule_no": 120,
                "to_port": 65535
              },
              {
                "action": "allow",
                "cidr_block": "10.0.0.0/16",
                "from_port": 0,
                "icmp_code": null,
                "icmp_type": null,
                "ipv6_cidr_block": "",
                "protocol": "tcp",
                "rule_no": 110,
                "to_port": 0
              }
            ],
            "owner_id": "944697335072",
            "subnet_ids": [
              "subnet-0b0abf8b7d176b1c0"
            ],
            "tags": {
              "Name": "shopping-masternode-nacl"
            },
            "tags_all": {
              "Name": "shopping-masternode-nacl"
            },
            "vpc_id": "vpc-09fe2313ddf2522ac"
          },
          "sensitive_attributes": [],
          "private": "bnVsbA==",
          "dependencies": [
            "aws_subnet.master-subnet",
            "aws_vpc.shopping-vpc"
          ]
        }
      ]
    },
    {
      "mode": "managed",
      "type": "aws_network_acl",
      "name": "shopping-workernode-nacl",
      "provider": "provider[\"registry.terraform.io/hashicorp/aws\"]",
      "instances": [
        {
          "schema_version": 0,
          "attributes": {
            "arn": "arn:aws:ec2:ap-northeast-1:944697335072:network-acl/acl-00704584bb9fd883d",
            "egress": [
              {
                "action": "allow",
                "cidr_block": "0.0.0.0/0",
                "from_port": 1024,
                "icmp_code": null,
                "icmp_type": null,
                "ipv6_cidr_block": "",
                "protocol": "tcp",
                "rule_no": 113,
                "to_port": 65535
              },
              {
                "action": "allow",
                "cidr_block": "0.0.0.0/0",
                "from_port": 443,
                "icmp_code": null,
                "icmp_type": null,
                "ipv6_cidr_block": "",
                "protocol": "tcp",
                "rule_no": 112,
                "to_port": 443
              },
              {
                "action": "allow",
                "cidr_block": "0.0.0.0/0",
                "from_port": 80,
                "icmp_code": null,
                "icmp_type": null,
                "ipv6_cidr_block": "",
                "protocol": "tcp",
                "rule_no": 111,
                "to_port": 80
              },
              {
                "action": "allow",
                "cidr_block": "10.0.0.0/16",
                "from_port": 0,
                "icmp_code": null,
                "icmp_type": null,
                "ipv6_cidr_block": "",
                "protocol": "tcp",
                "rule_no": 110,
                "to_port": 65535
              }
            ],
            "id": "acl-00704584bb9fd883d",
            "ingress": [
              {
                "action": "allow",
                "cidr_block": "0.0.0.0/0",
                "from_port": 1024,
                "icmp_code": null,
                "icmp_type": null,
                "ipv6_cidr_block": "",
                "protocol": "tcp",
                "rule_no": 120,
                "to_port": 65535
              },
              {
                "action": "allow",
                "cidr_block": "10.0.0.0/16",
                "from_port": 0,
                "icmp_code": null,
                "icmp_type": null,
                "ipv6_cidr_block": "",
                "protocol": "tcp",
                "rule_no": 110,
                "to_port": 0
              }
            ],
            "owner_id": "944697335072",
            "subnet_ids": [
              "subnet-04d94162284e2b5f0",
              "subnet-052a9c7c034f17c4a",
              "subnet-07b20f69b9b36a224",
              "subnet-0cdda1f395199b8f3"
            ],
            "tags": {
              "Name": "shopping-workernode-nacl"
            },
            "tags_all": {
              "Name": "shopping-workernode-nacl"
            },
            "vpc_id": "vpc-09fe2313ddf2522ac"
          },
          "sensitive_attributes": [],
          "private": "bnVsbA==",
          "dependencies": [
            "aws_subnet.worker1-subnet",
            "aws_subnet.worker2-subnet",
            "aws_subnet.worker3-subnet",
            "aws_subnet.worker4-subnet",
            "aws_vpc.shopping-vpc"
          ]
        }
      ]
    },
    {
      "mode": "managed",
      "type": "aws_subnet",
      "name": "bastion-subnet",
      "provider": "provider[\"registry.terraform.io/hashicorp/aws\"]",
      "instances": [
        {
          "schema_version": 1,
          "attributes": {
            "arn": "arn:aws:ec2:ap-northeast-1:944697335072:subnet/subnet-01899879f7b72bcb2",
            "assign_ipv6_address_on_creation": false,
            "availability_zone": "ap-northeast-1a",
            "availability_zone_id": "apne1-az4",
            "cidr_block": "10.20.0.0/24",
            "customer_owned_ipv4_pool": "",
            "enable_dns64": false,
            "enable_lni_at_device_index": 0,
            "enable_resource_name_dns_a_record_on_launch": false,
            "enable_resource_name_dns_aaaa_record_on_launch": false,
            "id": "subnet-01899879f7b72bcb2",
            "ipv6_cidr_block": "",
            "ipv6_cidr_block_association_id": "",
            "ipv6_native": false,
            "map_customer_owned_ip_on_launch": false,
            "map_public_ip_on_launch": false,
            "outpost_arn": "",
            "owner_id": "944697335072",
            "private_dns_hostname_type_on_launch": "ip-name",
            "tags": {
              "Name": "bastion-subnet"
            },
            "tags_all": {
              "Name": "bastion-subnet"
            },
            "timeouts": null,
            "vpc_id": "vpc-04874818b763504a9"
          },
          "sensitive_attributes": [],
          "private": "eyJlMmJmYjczMC1lY2FhLTExZTYtOGY4OC0zNDM2M2JjN2M0YzAiOnsiY3JlYXRlIjo2MDAwMDAwMDAwMDAsImRlbGV0ZSI6MTIwMDAwMDAwMDAwMH0sInNjaGVtYV92ZXJzaW9uIjoiMSJ9",
          "dependencies": [
            "aws_vpc.bastion-vpc"
          ]
        }
      ]
    },
    {
      "mode": "managed",
      "type": "aws_subnet",
      "name": "db1-subnet",
      "provider": "provider[\"registry.terraform.io/hashicorp/aws\"]",
      "instances": [
        {
          "schema_version": 1,
          "attributes": {
            "arn": "arn:aws:ec2:ap-northeast-1:944697335072:subnet/subnet-0524e8cc8711b30f7",
            "assign_ipv6_address_on_creation": false,
            "availability_zone": "ap-northeast-1c",
            "availability_zone_id": "apne1-az1",
            "cidr_block": "10.10.0.0/24",
            "customer_owned_ipv4_pool": "",
            "enable_dns64": false,
            "enable_lni_at_device_index": 0,
            "enable_resource_name_dns_a_record_on_launch": false,
            "enable_resource_name_dns_aaaa_record_on_launch": false,
            "id": "subnet-0524e8cc8711b30f7",
            "ipv6_cidr_block": "",
            "ipv6_cidr_block_association_id": "",
            "ipv6_native": false,
            "map_customer_owned_ip_on_launch": false,
            "map_public_ip_on_launch": false,
            "outpost_arn": "",
            "owner_id": "944697335072",
            "private_dns_hostname_type_on_launch": "ip-name",
            "tags": {
              "Name": "db1-subnet"
            },
            "tags_all": {
              "Name": "db1-subnet"
            },
            "timeouts": null,
            "vpc_id": "vpc-00c08417ad903ae52"
          },
          "sensitive_attributes": [],
          "private": "eyJlMmJmYjczMC1lY2FhLTExZTYtOGY4OC0zNDM2M2JjN2M0YzAiOnsiY3JlYXRlIjo2MDAwMDAwMDAwMDAsImRlbGV0ZSI6MTIwMDAwMDAwMDAwMH0sInNjaGVtYV92ZXJzaW9uIjoiMSJ9",
          "dependencies": [
            "aws_vpc.shopping-db-vpc"
          ]
        }
      ]
    },
    {
      "mode": "managed",
      "type": "aws_subnet",
      "name": "db2-subnet",
      "provider": "provider[\"registry.terraform.io/hashicorp/aws\"]",
      "instances": [
        {
          "schema_version": 1,
          "attributes": {
            "arn": "arn:aws:ec2:ap-northeast-1:944697335072:subnet/subnet-0affab1faa580d04f",
            "assign_ipv6_address_on_creation": false,
            "availability_zone": "ap-northeast-1d",
            "availability_zone_id": "apne1-az2",
            "cidr_block": "10.10.10.0/24",
            "customer_owned_ipv4_pool": "",
            "enable_dns64": false,
            "enable_lni_at_device_index": 0,
            "enable_resource_name_dns_a_record_on_launch": false,
            "enable_resource_name_dns_aaaa_record_on_launch": false,
            "id": "subnet-0affab1faa580d04f",
            "ipv6_cidr_block": "",
            "ipv6_cidr_block_association_id": "",
            "ipv6_native": false,
            "map_customer_owned_ip_on_launch": false,
            "map_public_ip_on_launch": false,
            "outpost_arn": "",
            "owner_id": "944697335072",
            "private_dns_hostname_type_on_launch": "ip-name",
            "tags": {
              "Name": "db2-subnet"
            },
            "tags_all": {
              "Name": "db2-subnet"
            },
            "timeouts": null,
            "vpc_id": "vpc-00c08417ad903ae52"
          },
          "sensitive_attributes": [],
          "private": "eyJlMmJmYjczMC1lY2FhLTExZTYtOGY4OC0zNDM2M2JjN2M0YzAiOnsiY3JlYXRlIjo2MDAwMDAwMDAwMDAsImRlbGV0ZSI6MTIwMDAwMDAwMDAwMH0sInNjaGVtYV92ZXJzaW9uIjoiMSJ9",
          "dependencies": [
            "aws_vpc.shopping-db-vpc"
          ]
        }
      ]
    },
    {
      "mode": "managed",
      "type": "aws_subnet",
      "name": "firewall-subnet",
      "provider": "provider[\"registry.terraform.io/hashicorp/aws\"]",
      "instances": [
        {
          "schema_version": 1,
          "attributes": {
            "arn": "arn:aws:ec2:ap-northeast-1:944697335072:subnet/subnet-0b5d5a2d235502559",
            "assign_ipv6_address_on_creation": false,
            "availability_zone": "ap-northeast-1a",
            "availability_zone_id": "apne1-az4",
            "cidr_block": "10.0.10.0/24",
            "customer_owned_ipv4_pool": "",
            "enable_dns64": false,
            "enable_lni_at_device_index": 0,
            "enable_resource_name_dns_a_record_on_launch": false,
            "enable_resource_name_dns_aaaa_record_on_launch": false,
            "id": "subnet-0b5d5a2d235502559",
            "ipv6_cidr_block": "",
            "ipv6_cidr_block_association_id": "",
            "ipv6_native": false,
            "map_customer_owned_ip_on_launch": false,
            "map_public_ip_on_launch": false,
            "outpost_arn": "",
            "owner_id": "944697335072",
            "private_dns_hostname_type_on_launch": "ip-name",
            "tags": {
              "Name": "firewall-subnet"
            },
            "tags_all": {
              "Name": "firewall-subnet"
            },
            "timeouts": null,
            "vpc_id": "vpc-09fe2313ddf2522ac"
          },
          "sensitive_attributes": [],
          "private": "eyJlMmJmYjczMC1lY2FhLTExZTYtOGY4OC0zNDM2M2JjN2M0YzAiOnsiY3JlYXRlIjo2MDAwMDAwMDAwMDAsImRlbGV0ZSI6MTIwMDAwMDAwMDAwMH0sInNjaGVtYV92ZXJzaW9uIjoiMSJ9",
          "dependencies": [
            "aws_vpc.shopping-vpc"
          ]
        }
      ]
    },
    {
      "mode": "managed",
      "type": "aws_subnet",
      "name": "internal-node1-subnet",
      "provider": "provider[\"registry.terraform.io/hashicorp/aws\"]",
      "instances": [
        {
          "schema_version": 1,
          "attributes": {
            "arn": "arn:aws:ec2:ap-northeast-1:944697335072:subnet/subnet-0567178941f88cef5",
            "assign_ipv6_address_on_creation": false,
            "availability_zone": "ap-northeast-1a",
            "availability_zone_id": "apne1-az4",
            "cidr_block": "10.0.1.0/24",
            "customer_owned_ipv4_pool": "",
            "enable_dns64": false,
            "enable_lni_at_device_index": 0,
            "enable_resource_name_dns_a_record_on_launch": false,
            "enable_resource_name_dns_aaaa_record_on_launch": false,
            "id": "subnet-0567178941f88cef5",
            "ipv6_cidr_block": "",
            "ipv6_cidr_block_association_id": "",
            "ipv6_native": false,
            "map_customer_owned_ip_on_launch": false,
            "map_public_ip_on_launch": false,
            "outpost_arn": "",
            "owner_id": "944697335072",
            "private_dns_hostname_type_on_launch": "ip-name",
            "tags": {
              "Name": "internal-node1-subnet"
            },
            "tags_all": {
              "Name": "internal-node1-subnet"
            },
            "timeouts": null,
            "vpc_id": "vpc-09fe2313ddf2522ac"
          },
          "sensitive_attributes": [],
          "private": "eyJlMmJmYjczMC1lY2FhLTExZTYtOGY4OC0zNDM2M2JjN2M0YzAiOnsiY3JlYXRlIjo2MDAwMDAwMDAwMDAsImRlbGV0ZSI6MTIwMDAwMDAwMDAwMH0sInNjaGVtYV92ZXJzaW9uIjoiMSJ9",
          "dependencies": [
            "aws_vpc.shopping-vpc"
          ]
        }
      ]
    },
    {
      "mode": "managed",
      "type": "aws_subnet",
      "name": "internal-node2-subnet",
      "provider": "provider[\"registry.terraform.io/hashicorp/aws\"]",
      "instances": [
        {
          "schema_version": 1,
          "attributes": {
            "arn": "arn:aws:ec2:ap-northeast-1:944697335072:subnet/subnet-00abc575ceccd7f84",
            "assign_ipv6_address_on_creation": false,
            "availability_zone": "ap-northeast-1c",
            "availability_zone_id": "apne1-az1",
            "cidr_block": "10.0.5.0/24",
            "customer_owned_ipv4_pool": "",
            "enable_dns64": false,
            "enable_lni_at_device_index": 0,
            "enable_resource_name_dns_a_record_on_launch": false,
            "enable_resource_name_dns_aaaa_record_on_launch": false,
            "id": "subnet-00abc575ceccd7f84",
            "ipv6_cidr_block": "",
            "ipv6_cidr_block_association_id": "",
            "ipv6_native": false,
            "map_customer_owned_ip_on_launch": false,
            "map_public_ip_on_launch": false,
            "outpost_arn": "",
            "owner_id": "944697335072",
            "private_dns_hostname_type_on_launch": "ip-name",
            "tags": {
              "Name": "internal-node2-subnet"
            },
            "tags_all": {
              "Name": "internal-node2-subnet"
            },
            "timeouts": null,
            "vpc_id": "vpc-09fe2313ddf2522ac"
          },
          "sensitive_attributes": [],
          "private": "eyJlMmJmYjczMC1lY2FhLTExZTYtOGY4OC0zNDM2M2JjN2M0YzAiOnsiY3JlYXRlIjo2MDAwMDAwMDAwMDAsImRlbGV0ZSI6MTIwMDAwMDAwMDAwMH0sInNjaGVtYV92ZXJzaW9uIjoiMSJ9",
          "dependencies": [
            "aws_vpc.shopping-vpc"
          ]
        }
      ]
    },
    {
      "mode": "managed",
      "type": "aws_subnet",
      "name": "master-subnet",
      "provider": "provider[\"registry.terraform.io/hashicorp/aws\"]",
      "instances": [
        {
          "schema_version": 1,
          "attributes": {
            "arn": "arn:aws:ec2:ap-northeast-1:944697335072:subnet/subnet-0b0abf8b7d176b1c0",
            "assign_ipv6_address_on_creation": false,
            "availability_zone": "ap-northeast-1d",
            "availability_zone_id": "apne1-az2",
            "cidr_block": "10.0.20.0/24",
            "customer_owned_ipv4_pool": "",
            "enable_dns64": false,
            "enable_lni_at_device_index": 0,
            "enable_resource_name_dns_a_record_on_launch": false,
            "enable_resource_name_dns_aaaa_record_on_launch": false,
            "id": "subnet-0b0abf8b7d176b1c0",
            "ipv6_cidr_block": "",
            "ipv6_cidr_block_association_id": "",
            "ipv6_native": false,
            "map_customer_owned_ip_on_launch": false,
            "map_public_ip_on_launch": true,
            "outpost_arn": "",
            "owner_id": "944697335072",
            "private_dns_hostname_type_on_launch": "ip-name",
            "tags": {
              "Name": "master-subnet"
            },
            "tags_all": {
              "Name": "master-subnet"
            },
            "timeouts": null,
            "vpc_id": "vpc-09fe2313ddf2522ac"
          },
          "sensitive_attributes": [],
          "private": "eyJlMmJmYjczMC1lY2FhLTExZTYtOGY4OC0zNDM2M2JjN2M0YzAiOnsiY3JlYXRlIjo2MDAwMDAwMDAwMDAsImRlbGV0ZSI6MTIwMDAwMDAwMDAwMH0sInNjaGVtYV92ZXJzaW9uIjoiMSJ9",
          "dependencies": [
            "aws_vpc.shopping-vpc"
          ]
        }
      ]
    },
    {
      "mode": "managed",
      "type": "aws_subnet",
      "name": "worker1-subnet",
      "provider": "provider[\"registry.terraform.io/hashicorp/aws\"]",
      "instances": [
        {
          "schema_version": 1,
          "attributes": {
            "arn": "arn:aws:ec2:ap-northeast-1:944697335072:subnet/subnet-052a9c7c034f17c4a",
            "assign_ipv6_address_on_creation": false,
            "availability_zone": "ap-northeast-1d",
            "availability_zone_id": "apne1-az2",
            "cidr_block": "10.0.30.0/24",
            "customer_owned_ipv4_pool": "",
            "enable_dns64": false,
            "enable_lni_at_device_index": 0,
            "enable_resource_name_dns_a_record_on_launch": false,
            "enable_resource_name_dns_aaaa_record_on_launch": false,
            "id": "subnet-052a9c7c034f17c4a",
            "ipv6_cidr_block": "",
            "ipv6_cidr_block_association_id": "",
            "ipv6_native": false,
            "map_customer_owned_ip_on_launch": false,
            "map_public_ip_on_launch": false,
            "outpost_arn": "",
            "owner_id": "944697335072",
            "private_dns_hostname_type_on_launch": "ip-name",
            "tags": {
              "Name": "worker1-subnet"
            },
            "tags_all": {
              "Name": "worker1-subnet"
            },
            "timeouts": null,
            "vpc_id": "vpc-09fe2313ddf2522ac"
          },
          "sensitive_attributes": [],
          "private": "eyJlMmJmYjczMC1lY2FhLTExZTYtOGY4OC0zNDM2M2JjN2M0YzAiOnsiY3JlYXRlIjo2MDAwMDAwMDAwMDAsImRlbGV0ZSI6MTIwMDAwMDAwMDAwMH0sInNjaGVtYV92ZXJzaW9uIjoiMSJ9",
          "dependencies": [
            "aws_vpc.shopping-vpc"
          ]
        }
      ]
    },
    {
      "mode": "managed",
      "type": "aws_subnet",
      "name": "worker2-subnet",
      "provider": "provider[\"registry.terraform.io/hashicorp/aws\"]",
      "instances": [
        {
          "schema_version": 1,
          "attributes": {
            "arn": "arn:aws:ec2:ap-northeast-1:944697335072:subnet/subnet-07b20f69b9b36a224",
            "assign_ipv6_address_on_creation": false,
            "availability_zone": "ap-northeast-1d",
            "availability_zone_id": "apne1-az2",
            "cidr_block": "10.0.31.0/24",
            "customer_owned_ipv4_pool": "",
            "enable_dns64": false,
            "enable_lni_at_device_index": 0,
            "enable_resource_name_dns_a_record_on_launch": false,
            "enable_resource_name_dns_aaaa_record_on_launch": false,
            "id": "subnet-07b20f69b9b36a224",
            "ipv6_cidr_block": "",
            "ipv6_cidr_block_association_id": "",
            "ipv6_native": false,
            "map_customer_owned_ip_on_launch": false,
            "map_public_ip_on_launch": false,
            "outpost_arn": "",
            "owner_id": "944697335072",
            "private_dns_hostname_type_on_launch": "ip-name",
            "tags": {
              "Name": "worker2-subnet"
            },
            "tags_all": {
              "Name": "worker2-subnet"
            },
            "timeouts": null,
            "vpc_id": "vpc-09fe2313ddf2522ac"
          },
          "sensitive_attributes": [],
          "private": "eyJlMmJmYjczMC1lY2FhLTExZTYtOGY4OC0zNDM2M2JjN2M0YzAiOnsiY3JlYXRlIjo2MDAwMDAwMDAwMDAsImRlbGV0ZSI6MTIwMDAwMDAwMDAwMH0sInNjaGVtYV92ZXJzaW9uIjoiMSJ9",
          "dependencies": [
            "aws_vpc.shopping-vpc"
          ]
        }
      ]
    },
    {
      "mode": "managed",
      "type": "aws_subnet",
      "name": "worker3-subnet",
      "provider": "provider[\"registry.terraform.io/hashicorp/aws\"]",
      "instances": [
        {
          "schema_version": 1,
          "attributes": {
            "arn": "arn:aws:ec2:ap-northeast-1:944697335072:subnet/subnet-0cdda1f395199b8f3",
            "assign_ipv6_address_on_creation": false,
            "availability_zone": "ap-northeast-1d",
            "availability_zone_id": "apne1-az2",
            "cidr_block": "10.0.32.0/24",
            "customer_owned_ipv4_pool": "",
            "enable_dns64": false,
            "enable_lni_at_device_index": 0,
            "enable_resource_name_dns_a_record_on_launch": false,
            "enable_resource_name_dns_aaaa_record_on_launch": false,
            "id": "subnet-0cdda1f395199b8f3",
            "ipv6_cidr_block": "",
            "ipv6_cidr_block_association_id": "",
            "ipv6_native": false,
            "map_customer_owned_ip_on_launch": false,
            "map_public_ip_on_launch": false,
            "outpost_arn": "",
            "owner_id": "944697335072",
            "private_dns_hostname_type_on_launch": "ip-name",
            "tags": {
              "Name": "worker3-subnet"
            },
            "tags_all": {
              "Name": "worker3-subnet"
            },
            "timeouts": null,
            "vpc_id": "vpc-09fe2313ddf2522ac"
          },
          "sensitive_attributes": [],
          "private": "eyJlMmJmYjczMC1lY2FhLTExZTYtOGY4OC0zNDM2M2JjN2M0YzAiOnsiY3JlYXRlIjo2MDAwMDAwMDAwMDAsImRlbGV0ZSI6MTIwMDAwMDAwMDAwMH0sInNjaGVtYV92ZXJzaW9uIjoiMSJ9",
          "dependencies": [
            "aws_vpc.shopping-vpc"
          ]
        }
      ]
    },
    {
      "mode": "managed",
      "type": "aws_subnet",
      "name": "worker4-subnet",
      "provider": "provider[\"registry.terraform.io/hashicorp/aws\"]",
      "instances": [
        {
          "schema_version": 1,
          "attributes": {
            "arn": "arn:aws:ec2:ap-northeast-1:944697335072:subnet/subnet-04d94162284e2b5f0",
            "assign_ipv6_address_on_creation": false,
            "availability_zone": "ap-northeast-1d",
            "availability_zone_id": "apne1-az2",
            "cidr_block": "10.0.33.0/24",
            "customer_owned_ipv4_pool": "",
            "enable_dns64": false,
            "enable_lni_at_device_index": 0,
            "enable_resource_name_dns_a_record_on_launch": false,
            "enable_resource_name_dns_aaaa_record_on_launch": false,
            "id": "subnet-04d94162284e2b5f0",
            "ipv6_cidr_block": "",
            "ipv6_cidr_block_association_id": "",
            "ipv6_native": false,
            "map_customer_owned_ip_on_launch": false,
            "map_public_ip_on_launch": false,
            "outpost_arn": "",
            "owner_id": "944697335072",
            "private_dns_hostname_type_on_launch": "ip-name",
            "tags": {
              "Name": "worker4-subnet"
            },
            "tags_all": {
              "Name": "worker4-subnet"
            },
            "timeouts": null,
            "vpc_id": "vpc-09fe2313ddf2522ac"
          },
          "sensitive_attributes": [],
          "private": "eyJlMmJmYjczMC1lY2FhLTExZTYtOGY4OC0zNDM2M2JjN2M0YzAiOnsiY3JlYXRlIjo2MDAwMDAwMDAwMDAsImRlbGV0ZSI6MTIwMDAwMDAwMDAwMH0sInNjaGVtYV92ZXJzaW9uIjoiMSJ9",
          "dependencies": [
            "aws_vpc.shopping-vpc"
          ]
        }
      ]
    },
    {
      "mode": "managed",
      "type": "aws_vpc",
      "name": "bastion-vpc",
      "provider": "provider[\"registry.terraform.io/hashicorp/aws\"]",
      "instances": [
        {
          "schema_version": 1,
          "attributes": {
            "arn": "arn:aws:ec2:ap-northeast-1:944697335072:vpc/vpc-04874818b763504a9",
            "assign_generated_ipv6_cidr_block": false,
            "cidr_block": "10.20.0.0/24",
            "default_network_acl_id": "acl-0d52f4d17980f9a0e",
            "default_route_table_id": "rtb-0d6fa06a1e432b5a2",
            "default_security_group_id": "sg-0061b7df42e513859",
            "dhcp_options_id": "dopt-0b190ab7d55bcee1c",
            "enable_dns_hostnames": false,
            "enable_dns_support": true,
            "enable_network_address_usage_metrics": false,
            "id": "vpc-04874818b763504a9",
            "instance_tenancy": "default",
            "ipv4_ipam_pool_id": null,
            "ipv4_netmask_length": null,
            "ipv6_association_id": "",
            "ipv6_cidr_block": "",
            "ipv6_cidr_block_network_border_group": "",
            "ipv6_ipam_pool_id": "",
            "ipv6_netmask_length": 0,
            "main_route_table_id": "rtb-0d6fa06a1e432b5a2",
            "owner_id": "944697335072",
            "tags": {
              "Name": "bastion-vpc"
            },
            "tags_all": {
              "Name": "bastion-vpc"
            }
          },
          "sensitive_attributes": [],
          "private": "eyJzY2hlbWFfdmVyc2lvbiI6IjEifQ=="
        }
      ]
    },
    {
      "mode": "managed",
      "type": "aws_vpc",
      "name": "shopping-db-vpc",
      "provider": "provider[\"registry.terraform.io/hashicorp/aws\"]",
      "instances": [
        {
          "schema_version": 1,
          "attributes": {
            "arn": "arn:aws:ec2:ap-northeast-1:944697335072:vpc/vpc-00c08417ad903ae52",
            "assign_generated_ipv6_cidr_block": false,
            "cidr_block": "10.10.0.0/20",
            "default_network_acl_id": "acl-0d06bd1f15800951b",
            "default_route_table_id": "rtb-054dd74caa131c04b",
            "default_security_group_id": "sg-07a72b1c416cf7934",
            "dhcp_options_id": "dopt-0b190ab7d55bcee1c",
            "enable_dns_hostnames": false,
            "enable_dns_support": true,
            "enable_network_address_usage_metrics": false,
            "id": "vpc-00c08417ad903ae52",
            "instance_tenancy": "default",
            "ipv4_ipam_pool_id": null,
            "ipv4_netmask_length": null,
            "ipv6_association_id": "",
            "ipv6_cidr_block": "",
            "ipv6_cidr_block_network_border_group": "",
            "ipv6_ipam_pool_id": "",
            "ipv6_netmask_length": 0,
            "main_route_table_id": "rtb-054dd74caa131c04b",
            "owner_id": "944697335072",
            "tags": {
              "Name": "shopping-db-vpc"
            },
            "tags_all": {
              "Name": "shopping-db-vpc"
            }
          },
          "sensitive_attributes": [],
          "private": "eyJzY2hlbWFfdmVyc2lvbiI6IjEifQ=="
        }
      ]
    },
    {
      "mode": "managed",
      "type": "aws_vpc",
      "name": "shopping-vpc",
      "provider": "provider[\"registry.terraform.io/hashicorp/aws\"]",
      "instances": [
        {
          "schema_version": 1,
          "attributes": {
            "arn": "arn:aws:ec2:ap-northeast-1:944697335072:vpc/vpc-09fe2313ddf2522ac",
            "assign_generated_ipv6_cidr_block": false,
            "cidr_block": "10.0.0.0/16",
            "default_network_acl_id": "acl-05d40e4fa6f93f93b",
            "default_route_table_id": "rtb-046c9674185099dd2",
            "default_security_group_id": "sg-0136719207928e75c",
            "dhcp_options_id": "dopt-0b190ab7d55bcee1c",
            "enable_dns_hostnames": false,
            "enable_dns_support": true,
            "enable_network_address_usage_metrics": false,
            "id": "vpc-09fe2313ddf2522ac",
            "instance_tenancy": "default",
            "ipv4_ipam_pool_id": null,
            "ipv4_netmask_length": null,
            "ipv6_association_id": "",
            "ipv6_cidr_block": "",
            "ipv6_cidr_block_network_border_group": "",
            "ipv6_ipam_pool_id": "",
            "ipv6_netmask_length": 0,
            "main_route_table_id": "rtb-046c9674185099dd2",
            "owner_id": "944697335072",
            "tags": {
              "Name": "shopping-vpc"
            },
            "tags_all": {
              "Name": "shopping-vpc"
            }
          },
          "sensitive_attributes": [],
          "private": "eyJzY2hlbWFfdmVyc2lvbiI6IjEifQ=="
        }
      ]
    },
    {
      "mode": "managed",
      "type": "local_file",
      "name": "ssh_key",
      "provider": "provider[\"registry.terraform.io/hashicorp/local\"]",
      "instances": [
        {
          "schema_version": 0,
          "attributes": {
            "content": "-----BEGIN RSA PRIVATE KEY-----\nMIIJKQIBAAKCAgEA09jXMS9Y/AYx90w6xA46uc/gS05ozslBfUXvOwkizkNn7Uh1\nNgtZssYBAf1Q35Yjne5bHK/fuBObnpohGGByTTtepGQoA4QdUYHTfqLFmEI5Cwu1\n2UOh7woorKgRDxdTeQMoJAhRPpB6clA6B8Tcxu7nqRGgC8EFfGXvRkoVR6uMUry9\nsyHXzmDg9Quq9N8oF3tJ4KpQ2y5m8BcEynZgLMWaNknoYgt/nJ3WJVms3V6I4UGh\nW+eZAL7mhdrko/ctBeEkvkFjg7+9K1XCrQvoaNxhq8GCFlTQKPE6/t/wNHv47Z4N\nkxtEcTALUYtRHtsRNqMEmgXJxCd+5xS/pf8Vh1fZeV3CTBwgZ9XIal3lRNuhF/xT\nm9oipgK2ADRl8dl/E+F2FiOefXI4t5YIaE5wiRGfqqnrT3Flj+S3dpH3dcl41SwJ\niRnBy6xIcV3RjNw5HAZAJ7PfQ2x3M/tsnAc8nDqQiiUesRVOSSKbjZOggTMmGp5X\nsz2AgNcX1yoe0RaIpsZ6aqM+dwnKoA5ZpPkcGJbRm/sGRpbYi13SRRcRcjKpGxwj\nm/mQP5nUbqfHKZqZYsD3vuV6mSUSr64fM95hu//9qUblhABGePf0o/wxf5CmAa/r\nYMuBvKXnC+iHXsAXyUKfSOuKK4pfIB4UfLy7NuweQ1Vp1MmzCsMI5Lq9fosCAwEA\nAQKCAgEAkWqVPGPd1xGBltkytYV29jklI0wtUVSAqbcpogKBa8iFPDGyk2hzJ+4W\nnwD9VJzA0hXdYPGwxbBf8Byofw0lKLKKIpnFhbRYU6ykOpcMv5klgtmE+CAetfDp\nPqsXGp7OY5CxKxqyehm+k11SmCafzcYMKte4XpkeZOeruTn9JXcyGVEJfj7K3hVO\nFabusKvF32h3q8n9Opa9fiyu0zMyjUkOtBlDdJmj/SOy7WyC5mmP19+vHWD6e7KO\nlm9M5ugydYi4KgjEgJlLBsYVnadA30n3mWh5HU8WnCQKdQ3O2pgGpUUK2GGtN2zd\nOBpDksSZKkH4VKmIeCcMSx7I9u8EHOTTHz9o+JMLqcM3AxM8KAkrK/tuO2lokhyh\nPYJnIPhjevudkeq8MP808vFzFZkXqFGMoJhcrA2lXV0R/W0lQwCZ3RthRkojr/HO\n6WVpva5MRU0Yo3Nun1OCWJcRazOgMWfqgl8FB+XrAGE935Sp0qCCbWYRZ9W/bCKu\nDjhgtonYS9296DiKD0G60KXvLtz6gshMui0fv6mtE1IAfRJEl4v+uP63aOnelMDW\ng9trbAljCKdWHXrt9aAywa9US9Kw4FtLKrnRFv3Vfyk26O01Yxmfl5Jl7l0lTs+w\noSgUWMoqikieziRje0NlN3jRjHT/Z6g5kz3n7A/9l3MKPN3vRXECggEBANmST+vL\nvvMqnfQ7pSjn6BbLixnHSsuYDTABfgzS7TzUHgwv4fmEN6K5Mo2Sy9n90pn6tw5m\neOVAsuegtHwtmBfDblT8dOalrfw2wjGidLDbPQG769KAshQHV4uY3S5niQ83sPQj\n3VnfMQEIPC4FGFfJS+0l8kGs51FfNsfT0SDxeMZNLSY7+oe/QLqGMtRsopnyOj3M\nSi/BXj14AXAmuALeIbUOPPR5TZgBsaJtE2MATNT4O4gQcyCnBK6XFcQgR2XWQIJz\ntxEtqdcDDOVtXs7SQhHpCXPQKJexR1JN1PtUADce8cSUvzU+ZcUv8d0DN94xTGkH\n8SyFv+6cOeQxKfUCggEBAPlDsK+0m662Rre97LLiAX6axUmPKDvrNzivdzgbkxvc\n5Mn+ANsR9FizQh64m2U5YIUo84iYjz3d2XU72Ndelbgw5u4BSixWjBP7FeMcA1pN\ns1njXgM0pWMgObXG03+GzLflPD7hOatTA82ADlueH1TotQNZ/MNhI3DKNJyd7ifh\nPVTDk4RlA/4OC3odGeoWJ+hGcsQ3DnTtD0oxADmLWlddOtwdgsujvXZ/TEcmwpgS\nQyYszl+Lz7BmyTn5kkcGm6xa+lcYCA3+kcpsKotsQEQpfRIZ9ucLEeSgOVUUtvMU\nRX44BOpVIXMpEMPwiuHWIVwbuNdaveh9NCeUA1mANn8CggEAZ+F27VODoWC4uBL+\nYZCQfMnEaZOA/8JikYg04fSXtxJkIld+Yn8hfT1FiNkNIdESC9jsLCD7GiKRCQzu\n/9dZJgd2l3dObY2vi5utjrtNUd/rufc6unAeFngG8a0T9gMTKsPhZj/1gOKS6DZB\nXYurOsbuzJTwnTDr5Ss74Z8d28fPbYcNxpKepM/JHQXUIR6ZaD2CV11CEpkV4O16\nakziUOQ0Xdkle2irhqdQZAgGWJ+dD5ZR/j40aeO01ZNnnhP3YwUwGdkcEESoMfPP\n5X8Z5E/5ocmNbNF3gC3xqrdkuHc7/xV0Q/LtdIONXd/tcCQIObt6Cy/yk9pscIYB\nEhXzPQKCAQA7gCkBCD/RaLlgyvlhigmJSzCk6oNUKkW4RkpTHmHzWLtUbEmQAa0u\nLzwtUSvm8ddUcf4QMTqgLgDmty5/2pgqq6G0VqJ6Cv7NFjaXS+yQ9dNGNbwPT9Xa\n36pm9dsuqeLcUuAasnCtsNdLirHitNAN2K686hIoIVvwZJRCfoCHDIEzZqwkAmj9\nkCS1NZUmB7vm+koTBIFy79OihifjlJwwFpUiTfkW2zMywhhXM61n15Qn3LI2pI0j\nMqX+LND6G121utHfUGE71fS/OSq+tUxx+OVeGMyTQlU3GfgVkyhIxiIAiybBOSkO\n8FKMMzMzzYWREx0AayzB/oEgoXhbOPvJAoIBAQCDig6bST/oMz/Nzx44gq2Pdee6\nHudJViXaFlTdCbAn9omUQB2t5VqksEXEsrksh9yEembz/Tm/Z9IYuJH8o0KNp+SW\nWa4tmpFRR+/IRXURaPM+Mbv5B8jP9tbjE84aAGsof2/GyvXnNbZyjtJHPCOiyZWs\nHTkkxnWcy/i3VVWErS8OJTNNPhr+6sP0ger+kTDzfFUoZG9j7KQVqUeITJxB6Rj+\nWvDaNk9+8VCog4Gzy/2t+DJFxI2rqUtd29CPlHqjNuGef2Ir2es9FG44ZZsHABx6\nplEj7rhWyLfbaaPIZx2Z8JThT/aBEx6gmosXAdQVgPtBSqiHFeaiz2O9fJyL\n-----END RSA PRIVATE KEY-----\n",
            "content_base64": null,
            "content_base64sha256": "5PWC+uanvy3BjjfEOVWv8vMAXu0tGszjQS2qV/HVq/M=",
            "content_base64sha512": "BFBxKnB+qOzTW32rj0f3KfD4p9jUDkYqncqITJ9a/H1zVahmgYaUz27h06Cjt4CJAYhdWS4raIdQ4c1wnHXKIw==",
            "content_md5": "ea0de8d664bdc14232bbf39e2ec14b04",
            "content_sha1": "4b1367fd047ddb6dcab439922e6bc68726351f57",
            "content_sha256": "e4f582fae6a7bf2dc18e37c43955aff2f3005eed2d1acce3412daa57f1d5abf3",
            "content_sha512": "0450712a707ea8ecd35b7dab8f47f729f0f8a7d8d40e462a9dca884c9f5afc7d7355a866818694cf6ee1d3a0a3b7808901885d592e2b688750e1cd709c75ca23",
            "directory_permission": "0777",
            "file_permission": "0777",
            "filename": "ekskey.pem",
            "id": "4b1367fd047ddb6dcab439922e6bc68726351f57",
            "sensitive_content": null,
            "source": null
          },
          "sensitive_attributes": [
            [
              {
                "type": "get_attr",
                "value": "content"
              }
            ]
          ],
          "dependencies": [
            "aws_key_pair.kp",
            "tls_private_key.pk"
          ]
        }
      ]
    },
    {
      "mode": "managed",
      "type": "tls_private_key",
      "name": "pk",
      "provider": "provider[\"registry.terraform.io/hashicorp/tls\"]",
      "instances": [
        {
          "schema_version": 1,
          "attributes": {
            "algorithm": "RSA",
            "ecdsa_curve": "P224",
            "id": "352a61d4bf3a9df232ee848dea017fb3104aabdf",
            "private_key_openssh": "-----BEGIN OPENSSH PRIVATE KEY-----\nb3BlbnNzaC1rZXktdjEAAAAABG5vbmUAAAAEbm9uZQAAAAAAAAABAAACFwAAAAdz\nc2gtcnNhAAAAAwEAAQAAAgEA09jXMS9Y/AYx90w6xA46uc/gS05ozslBfUXvOwki\nzkNn7Uh1NgtZssYBAf1Q35Yjne5bHK/fuBObnpohGGByTTtepGQoA4QdUYHTfqLF\nmEI5Cwu12UOh7woorKgRDxdTeQMoJAhRPpB6clA6B8Tcxu7nqRGgC8EFfGXvRkoV\nR6uMUry9syHXzmDg9Quq9N8oF3tJ4KpQ2y5m8BcEynZgLMWaNknoYgt/nJ3WJVms\n3V6I4UGhW+eZAL7mhdrko/ctBeEkvkFjg7+9K1XCrQvoaNxhq8GCFlTQKPE6/t/w\nNHv47Z4NkxtEcTALUYtRHtsRNqMEmgXJxCd+5xS/pf8Vh1fZeV3CTBwgZ9XIal3l\nRNuhF/xTm9oipgK2ADRl8dl/E+F2FiOefXI4t5YIaE5wiRGfqqnrT3Flj+S3dpH3\ndcl41SwJiRnBy6xIcV3RjNw5HAZAJ7PfQ2x3M/tsnAc8nDqQiiUesRVOSSKbjZOg\ngTMmGp5Xsz2AgNcX1yoe0RaIpsZ6aqM+dwnKoA5ZpPkcGJbRm/sGRpbYi13SRRcR\ncjKpGxwjm/mQP5nUbqfHKZqZYsD3vuV6mSUSr64fM95hu//9qUblhABGePf0o/wx\nf5CmAa/rYMuBvKXnC+iHXsAXyUKfSOuKK4pfIB4UfLy7NuweQ1Vp1MmzCsMI5Lq9\nfosAAAc45VceuuVXHroAAAAHc3NoLXJzYQAAAgEA09jXMS9Y/AYx90w6xA46uc/g\nS05ozslBfUXvOwkizkNn7Uh1NgtZssYBAf1Q35Yjne5bHK/fuBObnpohGGByTTte\npGQoA4QdUYHTfqLFmEI5Cwu12UOh7woorKgRDxdTeQMoJAhRPpB6clA6B8Tcxu7n\nqRGgC8EFfGXvRkoVR6uMUry9syHXzmDg9Quq9N8oF3tJ4KpQ2y5m8BcEynZgLMWa\nNknoYgt/nJ3WJVms3V6I4UGhW+eZAL7mhdrko/ctBeEkvkFjg7+9K1XCrQvoaNxh\nq8GCFlTQKPE6/t/wNHv47Z4NkxtEcTALUYtRHtsRNqMEmgXJxCd+5xS/pf8Vh1fZ\neV3CTBwgZ9XIal3lRNuhF/xTm9oipgK2ADRl8dl/E+F2FiOefXI4t5YIaE5wiRGf\nqqnrT3Flj+S3dpH3dcl41SwJiRnBy6xIcV3RjNw5HAZAJ7PfQ2x3M/tsnAc8nDqQ\niiUesRVOSSKbjZOggTMmGp5Xsz2AgNcX1yoe0RaIpsZ6aqM+dwnKoA5ZpPkcGJbR\nm/sGRpbYi13SRRcRcjKpGxwjm/mQP5nUbqfHKZqZYsD3vuV6mSUSr64fM95hu//9\nqUblhABGePf0o/wxf5CmAa/rYMuBvKXnC+iHXsAXyUKfSOuKK4pfIB4UfLy7Nuwe\nQ1Vp1MmzCsMI5Lq9fosAAAADAQABAAACAQCRapU8Y93XEYGW2TK1hXb2OSUjTC1R\nVICptymiAoFryIU8MbKTaHMn7hafAP1UnMDSFd1g8bDFsF/wHKh/DSUosooimcWF\ntFhTrKQ6lwy/mSWC2YT4IB618Ok+qxcans5jkLErGrJ6Gb6TXVKYJp/Nxgwq17he\nmR5k56u5Of0ldzIZUQl+PsreFU4Vpu6wq8XfaHeryf06lr1+LK7TMzKNSQ60GUN0\nmaP9I7LtbILmaY/X368dYPp7so6Wb0zm6DJ1iLgqCMSAmUsGxhWdp0DfSfeZaHkd\nTxacJAp1Dc7amAalRQrYYa03bN04GkOSxJkqQfhUqYh4JwxLHsj27wQc5NMfP2j4\nkwupwzcDEzwoCSsr+247aWiSHKE9gmcg+GN6+52R6rww/zTy8XMVmReoUYygmFys\nDaVdXRH9bSVDAJndG2FGSiOv8c7pZWm9rkxFTRijc26fU4JYlxFrM6AxZ+qCXwUH\n5esAYT3flKnSoIJtZhFn1b9sIq4OOGC2idhL3b3oOIoPQbrQpe8u3PqCyEy6LR+/\nqa0TUgB9EkSXi/64/rdo6d6UwNaD22tsCWMIp1Ydeu31oDLBr1RL0rDgW0squdEW\n/dV/KTbo7TVjGZ+XkmXuXSVOz7ChKBRYyiqKSJ7OJGN7Q2U3eNGMdP9nqDmTPefs\nD/2Xcwo83e9FcQAAAQEAg4oOm0k/6DM/zc8eOIKtj3Xnuh7nSVYl2hZU3QmwJ/aJ\nlEAdreVapLBFxLK5LIfchHpm8/05v2fSGLiR/KNCjafkllmuLZqRUUfvyEV1EWjz\nPjG7+QfIz/bW4xPOGgBrKH9vxsr15zW2co7SRzwjosmVrB05JMZ1nMv4t1VVhK0v\nDiUzTT4a/urD9IHq/pEw83xVKGRvY+ykFalHiEycQekY/lrw2jZPfvFQqIOBs8v9\nrfgyRcSNq6lLXdvQj5R6ozbhnn9iK9nrPRRuOGWbBwAceqZRI+64Vsi322mjyGcd\nmfCU4U/2gRMeoJqLFwHUFYD7QUqohxXmos9jvXyciwAAAQEA2ZJP68u+8yqd9Dul\nKOfoFsuLGcdKy5gNMAF+DNLtPNQeDC/h+YQ3orkyjZLL2f3Smfq3DmZ45UCy56C0\nfC2YF8NuVPx05qWt/DbCMaJ0sNs9Abvr0oCyFAdXi5jdLmeJDzew9CPdWd8xAQg8\nLgUYV8lL7SXyQaznUV82x9PRIPF4xk0tJjv6h79AuoYy1GyimfI6PcxKL8FePXgB\ncCa4At4htQ489HlNmAGxom0TYwBM1Pg7iBBzIKcErpcVxCBHZdZAgnO3ES2p1wMM\n5W1eztJCEekJc9Aol7FHUk3U+1QANx7xxJS/NT5lxS/x3QM33jFMaQfxLIW/7pw5\n5DEp9QAAAQEA+UOwr7SbrrZGt73ssuIBfprFSY8oO+s3OK93OBuTG9zkyf4A2xH0\nWLNCHribZTlghSjziJiPPd3ZdTvY116VuDDm7gFKLFaME/sV4xwDWk2zWeNeAzSl\nYyA5tcbTf4bMt+U8PuE5q1MDzYAOW54fVOi1A1n8w2EjcMo0nJ3uJ+E9VMOThGUD\n/g4Leh0Z6hYn6EZyxDcOdO0PSjEAOYtaV1063B2Cy6O9dn9MRybCmBJDJizOX4vP\nsGbJOfmSRwabrFr6VxgIDf6Rymwqi2xARCl9Ehn25wsR5KA5VRS28xRFfjgE6lUh\ncykQw/CK4dYhXBu411q96H00J5QDWYA2fwAAAAAB\n-----END OPENSSH PRIVATE KEY-----\n",
            "private_key_pem": "-----BEGIN RSA PRIVATE KEY-----\nMIIJKQIBAAKCAgEA09jXMS9Y/AYx90w6xA46uc/gS05ozslBfUXvOwkizkNn7Uh1\nNgtZssYBAf1Q35Yjne5bHK/fuBObnpohGGByTTtepGQoA4QdUYHTfqLFmEI5Cwu1\n2UOh7woorKgRDxdTeQMoJAhRPpB6clA6B8Tcxu7nqRGgC8EFfGXvRkoVR6uMUry9\nsyHXzmDg9Quq9N8oF3tJ4KpQ2y5m8BcEynZgLMWaNknoYgt/nJ3WJVms3V6I4UGh\nW+eZAL7mhdrko/ctBeEkvkFjg7+9K1XCrQvoaNxhq8GCFlTQKPE6/t/wNHv47Z4N\nkxtEcTALUYtRHtsRNqMEmgXJxCd+5xS/pf8Vh1fZeV3CTBwgZ9XIal3lRNuhF/xT\nm9oipgK2ADRl8dl/E+F2FiOefXI4t5YIaE5wiRGfqqnrT3Flj+S3dpH3dcl41SwJ\niRnBy6xIcV3RjNw5HAZAJ7PfQ2x3M/tsnAc8nDqQiiUesRVOSSKbjZOggTMmGp5X\nsz2AgNcX1yoe0RaIpsZ6aqM+dwnKoA5ZpPkcGJbRm/sGRpbYi13SRRcRcjKpGxwj\nm/mQP5nUbqfHKZqZYsD3vuV6mSUSr64fM95hu//9qUblhABGePf0o/wxf5CmAa/r\nYMuBvKXnC+iHXsAXyUKfSOuKK4pfIB4UfLy7NuweQ1Vp1MmzCsMI5Lq9fosCAwEA\nAQKCAgEAkWqVPGPd1xGBltkytYV29jklI0wtUVSAqbcpogKBa8iFPDGyk2hzJ+4W\nnwD9VJzA0hXdYPGwxbBf8Byofw0lKLKKIpnFhbRYU6ykOpcMv5klgtmE+CAetfDp\nPqsXGp7OY5CxKxqyehm+k11SmCafzcYMKte4XpkeZOeruTn9JXcyGVEJfj7K3hVO\nFabusKvF32h3q8n9Opa9fiyu0zMyjUkOtBlDdJmj/SOy7WyC5mmP19+vHWD6e7KO\nlm9M5ugydYi4KgjEgJlLBsYVnadA30n3mWh5HU8WnCQKdQ3O2pgGpUUK2GGtN2zd\nOBpDksSZKkH4VKmIeCcMSx7I9u8EHOTTHz9o+JMLqcM3AxM8KAkrK/tuO2lokhyh\nPYJnIPhjevudkeq8MP808vFzFZkXqFGMoJhcrA2lXV0R/W0lQwCZ3RthRkojr/HO\n6WVpva5MRU0Yo3Nun1OCWJcRazOgMWfqgl8FB+XrAGE935Sp0qCCbWYRZ9W/bCKu\nDjhgtonYS9296DiKD0G60KXvLtz6gshMui0fv6mtE1IAfRJEl4v+uP63aOnelMDW\ng9trbAljCKdWHXrt9aAywa9US9Kw4FtLKrnRFv3Vfyk26O01Yxmfl5Jl7l0lTs+w\noSgUWMoqikieziRje0NlN3jRjHT/Z6g5kz3n7A/9l3MKPN3vRXECggEBANmST+vL\nvvMqnfQ7pSjn6BbLixnHSsuYDTABfgzS7TzUHgwv4fmEN6K5Mo2Sy9n90pn6tw5m\neOVAsuegtHwtmBfDblT8dOalrfw2wjGidLDbPQG769KAshQHV4uY3S5niQ83sPQj\n3VnfMQEIPC4FGFfJS+0l8kGs51FfNsfT0SDxeMZNLSY7+oe/QLqGMtRsopnyOj3M\nSi/BXj14AXAmuALeIbUOPPR5TZgBsaJtE2MATNT4O4gQcyCnBK6XFcQgR2XWQIJz\ntxEtqdcDDOVtXs7SQhHpCXPQKJexR1JN1PtUADce8cSUvzU+ZcUv8d0DN94xTGkH\n8SyFv+6cOeQxKfUCggEBAPlDsK+0m662Rre97LLiAX6axUmPKDvrNzivdzgbkxvc\n5Mn+ANsR9FizQh64m2U5YIUo84iYjz3d2XU72Ndelbgw5u4BSixWjBP7FeMcA1pN\ns1njXgM0pWMgObXG03+GzLflPD7hOatTA82ADlueH1TotQNZ/MNhI3DKNJyd7ifh\nPVTDk4RlA/4OC3odGeoWJ+hGcsQ3DnTtD0oxADmLWlddOtwdgsujvXZ/TEcmwpgS\nQyYszl+Lz7BmyTn5kkcGm6xa+lcYCA3+kcpsKotsQEQpfRIZ9ucLEeSgOVUUtvMU\nRX44BOpVIXMpEMPwiuHWIVwbuNdaveh9NCeUA1mANn8CggEAZ+F27VODoWC4uBL+\nYZCQfMnEaZOA/8JikYg04fSXtxJkIld+Yn8hfT1FiNkNIdESC9jsLCD7GiKRCQzu\n/9dZJgd2l3dObY2vi5utjrtNUd/rufc6unAeFngG8a0T9gMTKsPhZj/1gOKS6DZB\nXYurOsbuzJTwnTDr5Ss74Z8d28fPbYcNxpKepM/JHQXUIR6ZaD2CV11CEpkV4O16\nakziUOQ0Xdkle2irhqdQZAgGWJ+dD5ZR/j40aeO01ZNnnhP3YwUwGdkcEESoMfPP\n5X8Z5E/5ocmNbNF3gC3xqrdkuHc7/xV0Q/LtdIONXd/tcCQIObt6Cy/yk9pscIYB\nEhXzPQKCAQA7gCkBCD/RaLlgyvlhigmJSzCk6oNUKkW4RkpTHmHzWLtUbEmQAa0u\nLzwtUSvm8ddUcf4QMTqgLgDmty5/2pgqq6G0VqJ6Cv7NFjaXS+yQ9dNGNbwPT9Xa\n36pm9dsuqeLcUuAasnCtsNdLirHitNAN2K686hIoIVvwZJRCfoCHDIEzZqwkAmj9\nkCS1NZUmB7vm+koTBIFy79OihifjlJwwFpUiTfkW2zMywhhXM61n15Qn3LI2pI0j\nMqX+LND6G121utHfUGE71fS/OSq+tUxx+OVeGMyTQlU3GfgVkyhIxiIAiybBOSkO\n8FKMMzMzzYWREx0AayzB/oEgoXhbOPvJAoIBAQCDig6bST/oMz/Nzx44gq2Pdee6\nHudJViXaFlTdCbAn9omUQB2t5VqksEXEsrksh9yEembz/Tm/Z9IYuJH8o0KNp+SW\nWa4tmpFRR+/IRXURaPM+Mbv5B8jP9tbjE84aAGsof2/GyvXnNbZyjtJHPCOiyZWs\nHTkkxnWcy/i3VVWErS8OJTNNPhr+6sP0ger+kTDzfFUoZG9j7KQVqUeITJxB6Rj+\nWvDaNk9+8VCog4Gzy/2t+DJFxI2rqUtd29CPlHqjNuGef2Ir2es9FG44ZZsHABx6\nplEj7rhWyLfbaaPIZx2Z8JThT/aBEx6gmosXAdQVgPtBSqiHFeaiz2O9fJyL\n-----END RSA PRIVATE KEY-----\n",
            "private_key_pem_pkcs8": "-----BEGIN PRIVATE KEY-----\nMIIJQwIBADANBgkqhkiG9w0BAQEFAASCCS0wggkpAgEAAoICAQDT2NcxL1j8BjH3\nTDrEDjq5z+BLTmjOyUF9Re87CSLOQ2ftSHU2C1myxgEB/VDfliOd7lscr9+4E5ue\nmiEYYHJNO16kZCgDhB1RgdN+osWYQjkLC7XZQ6HvCiisqBEPF1N5AygkCFE+kHpy\nUDoHxNzG7uepEaALwQV8Ze9GShVHq4xSvL2zIdfOYOD1C6r03ygXe0ngqlDbLmbw\nFwTKdmAsxZo2SehiC3+cndYlWazdXojhQaFb55kAvuaF2uSj9y0F4SS+QWODv70r\nVcKtC+ho3GGrwYIWVNAo8Tr+3/A0e/jtng2TG0RxMAtRi1Ee2xE2owSaBcnEJ37n\nFL+l/xWHV9l5XcJMHCBn1chqXeVE26EX/FOb2iKmArYANGXx2X8T4XYWI559cji3\nlghoTnCJEZ+qqetPcWWP5Ld2kfd1yXjVLAmJGcHLrEhxXdGM3DkcBkAns99DbHcz\n+2ycBzycOpCKJR6xFU5JIpuNk6CBMyYanlezPYCA1xfXKh7RFoimxnpqoz53Ccqg\nDlmk+RwYltGb+wZGltiLXdJFFxFyMqkbHCOb+ZA/mdRup8cpmpliwPe+5XqZJRKv\nrh8z3mG7//2pRuWEAEZ49/Sj/DF/kKYBr+tgy4G8pecL6IdewBfJQp9I64oril8g\nHhR8vLs27B5DVWnUybMKwwjkur1+iwIDAQABAoICAQCRapU8Y93XEYGW2TK1hXb2\nOSUjTC1RVICptymiAoFryIU8MbKTaHMn7hafAP1UnMDSFd1g8bDFsF/wHKh/DSUo\nsooimcWFtFhTrKQ6lwy/mSWC2YT4IB618Ok+qxcans5jkLErGrJ6Gb6TXVKYJp/N\nxgwq17hemR5k56u5Of0ldzIZUQl+PsreFU4Vpu6wq8XfaHeryf06lr1+LK7TMzKN\nSQ60GUN0maP9I7LtbILmaY/X368dYPp7so6Wb0zm6DJ1iLgqCMSAmUsGxhWdp0Df\nSfeZaHkdTxacJAp1Dc7amAalRQrYYa03bN04GkOSxJkqQfhUqYh4JwxLHsj27wQc\n5NMfP2j4kwupwzcDEzwoCSsr+247aWiSHKE9gmcg+GN6+52R6rww/zTy8XMVmReo\nUYygmFysDaVdXRH9bSVDAJndG2FGSiOv8c7pZWm9rkxFTRijc26fU4JYlxFrM6Ax\nZ+qCXwUH5esAYT3flKnSoIJtZhFn1b9sIq4OOGC2idhL3b3oOIoPQbrQpe8u3PqC\nyEy6LR+/qa0TUgB9EkSXi/64/rdo6d6UwNaD22tsCWMIp1Ydeu31oDLBr1RL0rDg\nW0squdEW/dV/KTbo7TVjGZ+XkmXuXSVOz7ChKBRYyiqKSJ7OJGN7Q2U3eNGMdP9n\nqDmTPefsD/2Xcwo83e9FcQKCAQEA2ZJP68u+8yqd9DulKOfoFsuLGcdKy5gNMAF+\nDNLtPNQeDC/h+YQ3orkyjZLL2f3Smfq3DmZ45UCy56C0fC2YF8NuVPx05qWt/DbC\nMaJ0sNs9Abvr0oCyFAdXi5jdLmeJDzew9CPdWd8xAQg8LgUYV8lL7SXyQaznUV82\nx9PRIPF4xk0tJjv6h79AuoYy1GyimfI6PcxKL8FePXgBcCa4At4htQ489HlNmAGx\nom0TYwBM1Pg7iBBzIKcErpcVxCBHZdZAgnO3ES2p1wMM5W1eztJCEekJc9Aol7FH\nUk3U+1QANx7xxJS/NT5lxS/x3QM33jFMaQfxLIW/7pw55DEp9QKCAQEA+UOwr7Sb\nrrZGt73ssuIBfprFSY8oO+s3OK93OBuTG9zkyf4A2xH0WLNCHribZTlghSjziJiP\nPd3ZdTvY116VuDDm7gFKLFaME/sV4xwDWk2zWeNeAzSlYyA5tcbTf4bMt+U8PuE5\nq1MDzYAOW54fVOi1A1n8w2EjcMo0nJ3uJ+E9VMOThGUD/g4Leh0Z6hYn6EZyxDcO\ndO0PSjEAOYtaV1063B2Cy6O9dn9MRybCmBJDJizOX4vPsGbJOfmSRwabrFr6VxgI\nDf6Rymwqi2xARCl9Ehn25wsR5KA5VRS28xRFfjgE6lUhcykQw/CK4dYhXBu411q9\n6H00J5QDWYA2fwKCAQBn4XbtU4OhYLi4Ev5hkJB8ycRpk4D/wmKRiDTh9Je3EmQi\nV35ifyF9PUWI2Q0h0RIL2OwsIPsaIpEJDO7/11kmB3aXd05tja+Lm62Ou01R3+u5\n9zq6cB4WeAbxrRP2AxMqw+FmP/WA4pLoNkFdi6s6xu7MlPCdMOvlKzvhnx3bx89t\nhw3Gkp6kz8kdBdQhHploPYJXXUISmRXg7XpqTOJQ5DRd2SV7aKuGp1BkCAZYn50P\nllH+PjRp47TVk2eeE/djBTAZ2RwQRKgx88/lfxnkT/mhyY1s0XeALfGqt2S4dzv/\nFXRD8u10g41d3+1wJAg5u3oLL/KT2mxwhgESFfM9AoIBADuAKQEIP9FouWDK+WGK\nCYlLMKTqg1QqRbhGSlMeYfNYu1RsSZABrS4vPC1RK+bx11Rx/hAxOqAuAOa3Ln/a\nmCqrobRWonoK/s0WNpdL7JD100Y1vA9P1drfqmb12y6p4txS4BqycK2w10uKseK0\n0A3YrrzqEighW/BklEJ+gIcMgTNmrCQCaP2QJLU1lSYHu+b6ShMEgXLv06KGJ+OU\nnDAWlSJN+RbbMzLCGFczrWfXlCfcsjakjSMypf4s0PobXbW60d9QYTvV9L85Kr61\nTHH45V4YzJNCVTcZ+BWTKEjGIgCLJsE5KQ7wUowzMzPNhZETHQBrLMH+gSCheFs4\n+8kCggEBAIOKDptJP+gzP83PHjiCrY9157oe50lWJdoWVN0JsCf2iZRAHa3lWqSw\nRcSyuSyH3IR6ZvP9Ob9n0hi4kfyjQo2n5JZZri2akVFH78hFdRFo8z4xu/kHyM/2\n1uMTzhoAayh/b8bK9ec1tnKO0kc8I6LJlawdOSTGdZzL+LdVVYStLw4lM00+Gv7q\nw/SB6v6RMPN8VShkb2PspBWpR4hMnEHpGP5a8No2T37xUKiDgbPL/a34MkXEjaup\nS13b0I+UeqM24Z5/YivZ6z0UbjhlmwcAHHqmUSPuuFbIt9tpo8hnHZnwlOFP9oET\nHqCaixcB1BWA+0FKqIcV5qLPY718nIs=\n-----END PRIVATE KEY-----\n",
            "public_key_fingerprint_md5": "67:7f:40:fc:52:b4:6b:a3:cc:c4:a7:1c:a7:88:46:da",
            "public_key_fingerprint_sha256": "SHA256:PAaKrlCoMDMt5EsSfQkDC/96ag3yN6XQIn4JWM7OGNw",
            "public_key_openssh": "ssh-rsa AAAAB3NzaC1yc2EAAAADAQABAAACAQDT2NcxL1j8BjH3TDrEDjq5z+BLTmjOyUF9Re87CSLOQ2ftSHU2C1myxgEB/VDfliOd7lscr9+4E5uemiEYYHJNO16kZCgDhB1RgdN+osWYQjkLC7XZQ6HvCiisqBEPF1N5AygkCFE+kHpyUDoHxNzG7uepEaALwQV8Ze9GShVHq4xSvL2zIdfOYOD1C6r03ygXe0ngqlDbLmbwFwTKdmAsxZo2SehiC3+cndYlWazdXojhQaFb55kAvuaF2uSj9y0F4SS+QWODv70rVcKtC+ho3GGrwYIWVNAo8Tr+3/A0e/jtng2TG0RxMAtRi1Ee2xE2owSaBcnEJ37nFL+l/xWHV9l5XcJMHCBn1chqXeVE26EX/FOb2iKmArYANGXx2X8T4XYWI559cji3lghoTnCJEZ+qqetPcWWP5Ld2kfd1yXjVLAmJGcHLrEhxXdGM3DkcBkAns99DbHcz+2ycBzycOpCKJR6xFU5JIpuNk6CBMyYanlezPYCA1xfXKh7RFoimxnpqoz53CcqgDlmk+RwYltGb+wZGltiLXdJFFxFyMqkbHCOb+ZA/mdRup8cpmpliwPe+5XqZJRKvrh8z3mG7//2pRuWEAEZ49/Sj/DF/kKYBr+tgy4G8pecL6IdewBfJQp9I64oril8gHhR8vLs27B5DVWnUybMKwwjkur1+iw==\n",
            "public_key_pem": "-----BEGIN PUBLIC KEY-----\nMIICIjANBgkqhkiG9w0BAQEFAAOCAg8AMIICCgKCAgEA09jXMS9Y/AYx90w6xA46\nuc/gS05ozslBfUXvOwkizkNn7Uh1NgtZssYBAf1Q35Yjne5bHK/fuBObnpohGGBy\nTTtepGQoA4QdUYHTfqLFmEI5Cwu12UOh7woorKgRDxdTeQMoJAhRPpB6clA6B8Tc\nxu7nqRGgC8EFfGXvRkoVR6uMUry9syHXzmDg9Quq9N8oF3tJ4KpQ2y5m8BcEynZg\nLMWaNknoYgt/nJ3WJVms3V6I4UGhW+eZAL7mhdrko/ctBeEkvkFjg7+9K1XCrQvo\naNxhq8GCFlTQKPE6/t/wNHv47Z4NkxtEcTALUYtRHtsRNqMEmgXJxCd+5xS/pf8V\nh1fZeV3CTBwgZ9XIal3lRNuhF/xTm9oipgK2ADRl8dl/E+F2FiOefXI4t5YIaE5w\niRGfqqnrT3Flj+S3dpH3dcl41SwJiRnBy6xIcV3RjNw5HAZAJ7PfQ2x3M/tsnAc8\nnDqQiiUesRVOSSKbjZOggTMmGp5Xsz2AgNcX1yoe0RaIpsZ6aqM+dwnKoA5ZpPkc\nGJbRm/sGRpbYi13SRRcRcjKpGxwjm/mQP5nUbqfHKZqZYsD3vuV6mSUSr64fM95h\nu//9qUblhABGePf0o/wxf5CmAa/rYMuBvKXnC+iHXsAXyUKfSOuKK4pfIB4UfLy7\nNuweQ1Vp1MmzCsMI5Lq9fosCAwEAAQ==\n-----END PUBLIC KEY-----\n",
            "rsa_bits": 4096
          },
          "sensitive_attributes": []
        }
      ]
    }
  ],
  "check_results": null
}
